{
  "name": "NeteaseCloudMusicApi",
  "version": "2.6.3",
  "lockfileVersion": 1,
  "requires": true,
  "dependencies": {
    "accepts": {
      "version": "1.3.3",
      "resolved": "http://registry.npm.taobao.org/accepts/download/accepts-1.3.3.tgz",
      "requires": {
        "mime-types": "2.1.16",
        "negotiator": "0.6.1"
      }
    },
    "acorn": {
      "version": "5.1.1",
      "resolved": "http://registry.npm.taobao.org/acorn/download/acorn-5.1.1.tgz",
      "dev": true
    },
    "acorn-es7-plugin": {
      "version": "1.1.7",
      "resolved": "http://registry.npm.taobao.org/acorn-es7-plugin/download/acorn-es7-plugin-1.1.7.tgz",
      "dev": true
    },
    "ajv": {
      "version": "4.11.8",
      "resolved": "http://registry.npm.taobao.org/ajv/download/ajv-4.11.8.tgz",
      "requires": {
        "co": "4.6.0",
        "json-stable-stringify": "1.0.1"
      }
    },
    "amdefine": {
      "version": "1.0.1",
      "resolved": "http://registry.npm.taobao.org/amdefine/download/amdefine-1.0.1.tgz",
      "dev": true,
      "optional": true
    },
    "apicache": {
      "version": "0.9.0",
      "resolved": "http://registry.npm.taobao.org/apicache/download/apicache-0.9.0.tgz",
      "integrity": "sha1-5BlPHftigCUDHB9LwhjWODQwdBw="
    },
    "array-filter": {
      "version": "1.0.0",
      "resolved": "http://registry.npm.taobao.org/array-filter/download/array-filter-1.0.0.tgz",
      "dev": true
    },
    "array-find": {
      "version": "1.0.0",
      "resolved": "http://registry.npm.taobao.org/array-find/download/array-find-1.0.0.tgz",
      "dev": true
    },
    "array-flatten": {
      "version": "1.1.1",
      "resolved": "http://registry.npm.taobao.org/array-flatten/download/array-flatten-1.1.1.tgz"
    },
    "asn1": {
      "version": "0.2.3",
      "resolved": "http://registry.npm.taobao.org/asn1/download/asn1-0.2.3.tgz"
    },
    "assert-plus": {
      "version": "0.2.0",
      "resolved": "http://registry.npm.taobao.org/assert-plus/download/assert-plus-0.2.0.tgz",
      "integrity": "sha1-104bh+ev/A24qttwIfP+SBAasjQ="
    },
    "asynckit": {
      "version": "0.4.0",
      "resolved": "http://registry.npm.taobao.org/asynckit/download/asynckit-0.4.0.tgz"
    },
    "aws-sign2": {
      "version": "0.6.0",
      "resolved": "http://registry.npm.taobao.org/aws-sign2/download/aws-sign2-0.6.0.tgz"
    },
    "aws4": {
      "version": "1.6.0",
      "resolved": "http://registry.npm.taobao.org/aws4/download/aws4-1.6.0.tgz"
    },
    "balanced-match": {
      "version": "1.0.0",
      "resolved": "http://registry.npm.taobao.org/balanced-match/download/balanced-match-1.0.0.tgz",
      "dev": true
    },
    "bcrypt-pbkdf": {
      "version": "1.0.1",
      "resolved": "http://registry.npm.taobao.org/bcrypt-pbkdf/download/bcrypt-pbkdf-1.0.1.tgz",
      "optional": true,
      "requires": {
        "tweetnacl": "0.14.5"
      }
    },
    "big-integer": {
      "version": "1.6.23",
      "resolved": "http://registry.npm.taobao.org/big-integer/download/big-integer-1.6.23.tgz"
    },
    "boom": {
      "version": "2.10.1",
      "resolved": "http://registry.npm.taobao.org/boom/download/boom-2.10.1.tgz",
      "requires": {
        "hoek": "2.16.3"
      }
    },
    "brace-expansion": {
      "version": "1.1.8",
      "resolved": "http://registry.npm.taobao.org/brace-expansion/download/brace-expansion-1.1.8.tgz",
      "dev": true,
      "requires": {
        "balanced-match": "1.0.0",
        "concat-map": "0.0.1"
      }
    },
    "browser-stdout": {
      "version": "1.3.0",
      "resolved": "http://registry.npm.taobao.org/browser-stdout/download/browser-stdout-1.3.0.tgz",
      "dev": true
    },
    "call-matcher": {
      "version": "1.0.1",
      "resolved": "http://registry.npm.taobao.org/call-matcher/download/call-matcher-1.0.1.tgz",
      "dev": true,
      "requires": {
        "core-js": "2.5.0",
        "deep-equal": "1.0.1",
        "espurify": "1.7.0",
        "estraverse": "4.2.0"
      }
    },
    "call-signature": {
      "version": "0.0.2",
      "resolved": "http://registry.npm.taobao.org/call-signature/download/call-signature-0.0.2.tgz",
      "dev": true
    },
    "caseless": {
      "version": "0.12.0",
      "resolved": "http://registry.npm.taobao.org/caseless/download/caseless-0.12.0.tgz"
    },
    "co": {
      "version": "4.6.0",
      "resolved": "http://registry.npm.taobao.org/co/download/co-4.6.0.tgz"
    },
    "combined-stream": {
      "version": "1.0.5",
      "resolved": "http://registry.npm.taobao.org/combined-stream/download/combined-stream-1.0.5.tgz",
      "requires": {
        "delayed-stream": "1.0.0"
      }
    },
    "commander": {
      "version": "2.9.0",
      "resolved": "http://registry.npm.taobao.org/commander/download/commander-2.9.0.tgz",
      "dev": true,
      "requires": {
        "graceful-readlink": "1.0.1"
      }
    },
    "concat-map": {
      "version": "0.0.1",
      "resolved": "http://registry.npm.taobao.org/concat-map/download/concat-map-0.0.1.tgz",
      "dev": true
    },
    "content-disposition": {
      "version": "0.5.2",
      "resolved": "http://registry.npm.taobao.org/content-disposition/download/content-disposition-0.5.2.tgz"
    },
    "content-type": {
      "version": "1.0.2",
      "resolved": "http://registry.npm.taobao.org/content-type/download/content-type-1.0.2.tgz"
    },
    "convert-source-map": {
      "version": "1.5.0",
      "resolved": "http://registry.npm.taobao.org/convert-source-map/download/convert-source-map-1.5.0.tgz",
      "dev": true
    },
    "cookie": {
      "version": "0.3.1",
      "resolved": "http://registry.npm.taobao.org/cookie/download/cookie-0.3.1.tgz"
    },
    "cookie-signature": {
      "version": "1.0.6",
      "resolved": "http://registry.npm.taobao.org/cookie-signature/download/cookie-signature-1.0.6.tgz"
    },
    "core-js": {
      "version": "2.5.0",
      "resolved": "http://registry.npm.taobao.org/core-js/download/core-js-2.5.0.tgz",
      "dev": true
    },
    "core-util-is": {
      "version": "1.0.2",
      "resolved": "http://registry.npm.taobao.org/core-util-is/download/core-util-is-1.0.2.tgz"
    },
    "cryptiles": {
      "version": "2.0.5",
      "resolved": "http://registry.npm.taobao.org/cryptiles/download/cryptiles-2.0.5.tgz",
      "requires": {
        "boom": "2.10.1"
      }
    },
    "d": {
      "version": "1.0.0",
      "resolved": "http://registry.npm.taobao.org/d/download/d-1.0.0.tgz",
      "dev": true,
      "requires": {
        "es5-ext": "0.10.27"
      }
    },
    "dashdash": {
      "version": "1.14.1",
      "resolved": "http://registry.npm.taobao.org/dashdash/download/dashdash-1.14.1.tgz",
      "requires": {
        "assert-plus": "1.0.0"
      },
      "dependencies": {
        "assert-plus": {
          "version": "1.0.0",
          "bundled": true
        }
      }
    },
    "debug": {
      "version": "2.6.8",
      "resolved": "http://registry.npm.taobao.org/debug/download/debug-2.6.8.tgz",
      "requires": {
        "ms": "2.0.0"
      }
    },
    "deep-equal": {
      "version": "1.0.1",
      "resolved": "http://registry.npm.taobao.org/deep-equal/download/deep-equal-1.0.1.tgz",
      "dev": true
    },
    "deep-is": {
      "version": "0.1.3",
      "resolved": "http://registry.npm.taobao.org/deep-is/download/deep-is-0.1.3.tgz",
      "dev": true
    },
    "define-properties": {
      "version": "1.1.2",
      "resolved": "http://registry.npm.taobao.org/define-properties/download/define-properties-1.1.2.tgz",
      "dev": true,
      "requires": {
        "foreach": "2.0.5",
        "object-keys": "1.0.11"
      }
    },
    "delayed-stream": {
      "version": "1.0.0",
      "resolved": "http://registry.npm.taobao.org/delayed-stream/download/delayed-stream-1.0.0.tgz"
    },
    "depd": {
      "version": "1.1.1",
      "resolved": "http://registry.npm.taobao.org/depd/download/depd-1.1.1.tgz"
    },
    "destroy": {
      "version": "1.0.4",
      "resolved": "http://registry.npm.taobao.org/destroy/download/destroy-1.0.4.tgz"
    },
    "diff": {
      "version": "3.2.0",
      "resolved": "http://registry.npm.taobao.org/diff/download/diff-3.2.0.tgz",
      "dev": true
    },
    "diff-match-patch": {
      "version": "1.0.0",
      "resolved": "http://registry.npm.taobao.org/diff-match-patch/download/diff-match-patch-1.0.0.tgz",
      "dev": true
    },
    "eastasianwidth": {
      "version": "0.1.1",
      "resolved": "http://registry.npm.taobao.org/eastasianwidth/download/eastasianwidth-0.1.1.tgz",
      "dev": true
    },
    "ecc-jsbn": {
      "version": "0.1.1",
      "resolved": "http://registry.npm.taobao.org/ecc-jsbn/download/ecc-jsbn-0.1.1.tgz",
      "optional": true,
      "requires": {
        "jsbn": "0.1.1"
      }
    },
    "ee-first": {
      "version": "1.1.1",
      "resolved": "http://registry.npm.taobao.org/ee-first/download/ee-first-1.1.1.tgz"
    },
    "empower": {
      "version": "1.2.3",
      "resolved": "http://registry.npm.taobao.org/empower/download/empower-1.2.3.tgz",
      "dev": true,
      "requires": {
        "core-js": "2.5.0",
        "empower-core": "0.6.2"
      }
    },
    "empower-assert": {
      "version": "1.0.1",
      "resolved": "http://registry.npm.taobao.org/empower-assert/download/empower-assert-1.0.1.tgz",
      "dev": true,
      "requires": {
        "estraverse": "4.2.0"
      }
    },
    "empower-core": {
      "version": "0.6.2",
      "resolved": "http://registry.npm.taobao.org/empower-core/download/empower-core-0.6.2.tgz",
      "dev": true,
      "requires": {
        "call-signature": "0.0.2",
        "core-js": "2.5.0"
      }
    },
    "encodeurl": {
      "version": "1.0.1",
      "resolved": "http://registry.npm.taobao.org/encodeurl/download/encodeurl-1.0.1.tgz"
    },
    "es5-ext": {
      "version": "0.10.27",
      "resolved": "http://registry.npm.taobao.org/es5-ext/download/es5-ext-0.10.27.tgz",
      "dev": true,
      "requires": {
        "es6-iterator": "2.0.1",
        "es6-symbol": "3.1.1"
      }
    },
    "es6-iterator": {
      "version": "2.0.1",
      "resolved": "http://registry.npm.taobao.org/es6-iterator/download/es6-iterator-2.0.1.tgz",
      "dev": true,
      "requires": {
        "d": "1.0.0",
        "es5-ext": "0.10.27",
        "es6-symbol": "3.1.1"
      }
    },
    "es6-map": {
      "version": "0.1.5",
      "resolved": "http://registry.npm.taobao.org/es6-map/download/es6-map-0.1.5.tgz",
      "dev": true,
      "requires": {
        "d": "1.0.0",
        "es5-ext": "0.10.27",
        "es6-iterator": "2.0.1",
        "es6-set": "0.1.5",
        "es6-symbol": "3.1.1",
        "event-emitter": "0.3.5"
      }
    },
    "es6-set": {
      "version": "0.1.5",
      "resolved": "http://registry.npm.taobao.org/es6-set/download/es6-set-0.1.5.tgz",
      "dev": true,
      "requires": {
        "d": "1.0.0",
        "es5-ext": "0.10.27",
        "es6-iterator": "2.0.1",
        "es6-symbol": "3.1.1",
        "event-emitter": "0.3.5"
      }
    },
    "es6-symbol": {
      "version": "3.1.1",
      "resolved": "http://registry.npm.taobao.org/es6-symbol/download/es6-symbol-3.1.1.tgz",
      "dev": true,
      "requires": {
        "d": "1.0.0",
        "es5-ext": "0.10.27"
      }
    },
    "es6-weak-map": {
      "version": "2.0.2",
      "resolved": "http://registry.npm.taobao.org/es6-weak-map/download/es6-weak-map-2.0.2.tgz",
      "dev": true,
      "requires": {
        "d": "1.0.0",
        "es5-ext": "0.10.27",
        "es6-iterator": "2.0.1",
        "es6-symbol": "3.1.1"
      }
    },
    "escallmatch": {
      "version": "1.5.0",
      "resolved": "http://registry.npm.taobao.org/escallmatch/download/escallmatch-1.5.0.tgz",
      "dev": true,
      "requires": {
        "call-matcher": "1.0.1",
        "esprima": "2.7.3"
      }
    },
    "escape-html": {
      "version": "1.0.3",
      "resolved": "http://registry.npm.taobao.org/escape-html/download/escape-html-1.0.3.tgz"
    },
    "escape-string-regexp": {
      "version": "1.0.5",
      "resolved": "http://registry.npm.taobao.org/escape-string-regexp/download/escape-string-regexp-1.0.5.tgz",
      "dev": true
    },
    "escodegen": {
      "version": "1.8.1",
      "resolved": "http://registry.npm.taobao.org/escodegen/download/escodegen-1.8.1.tgz",
      "dev": true,
      "requires": {
        "esprima": "2.7.3",
        "estraverse": "1.9.3",
        "esutils": "2.0.2",
        "optionator": "0.8.2",
        "source-map": "0.2.0"
      },
      "dependencies": {
        "estraverse": {
          "version": "1.9.3",
          "resolved": "http://registry.npm.taobao.org/estraverse/download/estraverse-1.9.3.tgz",
          "dev": true
        }
      }
    },
    "escope": {
      "version": "3.6.0",
      "resolved": "http://registry.npm.taobao.org/escope/download/escope-3.6.0.tgz",
      "dev": true,
      "requires": {
        "es6-map": "0.1.5",
        "es6-weak-map": "2.0.2",
        "esrecurse": "4.2.0",
        "estraverse": "4.2.0"
      }
    },
    "espower": {
      "version": "2.1.0",
      "resolved": "http://registry.npm.taobao.org/espower/download/espower-2.1.0.tgz",
      "dev": true,
      "requires": {
        "array-find": "1.0.0",
        "escallmatch": "1.5.0",
        "escodegen": "1.8.1",
        "escope": "3.6.0",
        "espower-location-detector": "1.0.0",
        "espurify": "1.7.0",
        "estraverse": "4.2.0",
        "source-map": "0.5.6",
        "type-name": "2.0.2",
        "xtend": "4.0.1"
      },
      "dependencies": {
        "source-map": {
          "version": "0.5.6",
          "resolved": "http://registry.npm.taobao.org/source-map/download/source-map-0.5.6.tgz",
          "dev": true
        }
      }
    },
    "espower-loader": {
      "version": "1.2.2",
      "resolved": "http://registry.npm.taobao.org/espower-loader/download/espower-loader-1.2.2.tgz",
      "dev": true,
      "requires": {
        "convert-source-map": "1.5.0",
        "espower-source": "2.2.0",
        "minimatch": "3.0.4",
        "source-map-support": "0.4.15",
        "xtend": "4.0.1"
      }
    },
    "espower-location-detector": {
      "version": "1.0.0",
      "resolved": "http://registry.npm.taobao.org/espower-location-detector/download/espower-location-detector-1.0.0.tgz",
      "dev": true,
      "requires": {
        "is-url": "1.2.2",
        "path-is-absolute": "1.0.1",
        "source-map": "0.5.6",
        "xtend": "4.0.1"
      },
      "dependencies": {
        "source-map": {
          "version": "0.5.6",
          "bundled": true,
          "dev": true
        }
      }
    },
    "espower-source": {
      "version": "2.2.0",
      "resolved": "http://registry.npm.taobao.org/espower-source/download/espower-source-2.2.0.tgz",
      "dev": true,
      "requires": {
        "acorn": "5.1.1",
        "acorn-es7-plugin": "1.1.7",
        "convert-source-map": "1.5.0",
        "empower-assert": "1.0.1",
        "escodegen": "1.8.1",
        "espower": "2.1.0",
        "estraverse": "4.2.0",
        "merge-estraverse-visitors": "1.0.0",
        "multi-stage-sourcemap": "0.2.1",
        "path-is-absolute": "1.0.1",
        "xtend": "4.0.1"
      }
    },
    "esprima": {
      "version": "2.7.3",
      "resolved": "http://registry.npm.taobao.org/esprima/download/esprima-2.7.3.tgz",
      "dev": true
    },
    "espurify": {
      "version": "1.7.0",
      "resolved": "http://registry.npm.taobao.org/espurify/download/espurify-1.7.0.tgz",
      "dev": true,
      "requires": {
        "core-js": "2.5.0"
      }
    },
    "esrecurse": {
      "version": "4.2.0",
      "resolved": "http://registry.npm.taobao.org/esrecurse/download/esrecurse-4.2.0.tgz",
      "dev": true,
      "requires": {
        "estraverse": "4.2.0",
        "object-assign": "4.1.1"
      }
    },
    "estraverse": {
      "version": "4.2.0",
      "resolved": "http://registry.npm.taobao.org/estraverse/download/estraverse-4.2.0.tgz",
      "dev": true
    },
    "esutils": {
      "version": "2.0.2",
      "resolved": "http://registry.npm.taobao.org/esutils/download/esutils-2.0.2.tgz",
      "dev": true
    },
    "etag": {
      "version": "1.8.0",
      "resolved": "http://registry.npm.taobao.org/etag/download/etag-1.8.0.tgz"
    },
    "event-emitter": {
      "version": "0.3.5",
      "resolved": "http://registry.npm.taobao.org/event-emitter/download/event-emitter-0.3.5.tgz",
      "dev": true,
      "requires": {
        "d": "1.0.0",
        "es5-ext": "0.10.27"
      }
    },
    "express": {
      "version": "4.15.4",
      "resolved": "http://registry.npm.taobao.org/express/download/express-4.15.4.tgz",
      "requires": {
        "accepts": "1.3.3",
        "array-flatten": "1.1.1",
        "content-disposition": "0.5.2",
        "content-type": "1.0.2",
        "cookie": "0.3.1",
        "cookie-signature": "1.0.6",
        "debug": "2.6.8",
        "depd": "1.1.1",
        "encodeurl": "1.0.1",
        "escape-html": "1.0.3",
        "etag": "1.8.0",
        "finalhandler": "1.0.4",
        "fresh": "0.5.0",
        "merge-descriptors": "1.0.1",
        "methods": "1.1.2",
        "on-finished": "2.3.0",
        "parseurl": "1.3.1",
        "path-to-regexp": "0.1.7",
        "proxy-addr": "1.1.5",
        "qs": "6.5.0",
        "range-parser": "1.2.0",
        "send": "0.15.4",
        "serve-static": "1.12.4",
        "setprototypeof": "1.0.3",
        "statuses": "1.3.1",
        "type-is": "1.6.15",
        "utils-merge": "1.0.0",
        "vary": "1.1.1"
      }
    },
    "extend": {
      "version": "3.0.1",
      "resolved": "http://registry.npm.taobao.org/extend/download/extend-3.0.1.tgz"
    },
    "extsprintf": {
      "version": "1.3.0",
      "resolved": "http://registry.npm.taobao.org/extsprintf/download/extsprintf-1.3.0.tgz"
    },
    "fast-levenshtein": {
      "version": "2.0.6",
      "resolved": "http://registry.npm.taobao.org/fast-levenshtein/download/fast-levenshtein-2.0.6.tgz",
      "dev": true
    },
    "finalhandler": {
      "version": "1.0.4",
      "resolved": "http://registry.npm.taobao.org/finalhandler/download/finalhandler-1.0.4.tgz",
      "requires": {
        "debug": "2.6.8",
        "encodeurl": "1.0.1",
        "escape-html": "1.0.3",
        "on-finished": "2.3.0",
        "parseurl": "1.3.1",
        "statuses": "1.3.1",
        "unpipe": "1.0.0"
      }
    },
    "foreach": {
      "version": "2.0.5",
      "resolved": "http://registry.npm.taobao.org/foreach/download/foreach-2.0.5.tgz",
      "dev": true
    },
    "forever-agent": {
      "version": "0.6.1",
      "resolved": "http://registry.npm.taobao.org/forever-agent/download/forever-agent-0.6.1.tgz"
    },
    "form-data": {
      "version": "2.1.4",
      "resolved": "http://registry.npm.taobao.org/form-data/download/form-data-2.1.4.tgz",
      "requires": {
        "asynckit": "0.4.0",
        "combined-stream": "1.0.5",
        "mime-types": "2.1.16"
      }
    },
    "forwarded": {
      "version": "0.1.0",
      "resolved": "http://registry.npm.taobao.org/forwarded/download/forwarded-0.1.0.tgz"
    },
    "fresh": {
      "version": "0.5.0",
      "resolved": "http://registry.npm.taobao.org/fresh/download/fresh-0.5.0.tgz"
    },
    "fs.realpath": {
      "version": "1.0.0",
      "resolved": "http://registry.npm.taobao.org/fs.realpath/download/fs.realpath-1.0.0.tgz",
      "dev": true
    },
    "getpass": {
      "version": "0.1.7",
      "resolved": "http://registry.npm.taobao.org/getpass/download/getpass-0.1.7.tgz",
      "requires": {
        "assert-plus": "1.0.0"
      },
      "dependencies": {
        "assert-plus": {
          "version": "1.0.0",
          "resolved": "http://registry.npm.taobao.org/assert-plus/download/assert-plus-1.0.0.tgz"
        }
      }
    },
    "glob": {
      "version": "7.1.1",
      "resolved": "http://registry.npm.taobao.org/glob/download/glob-7.1.1.tgz",
      "dev": true,
      "requires": {
        "fs.realpath": "1.0.0",
        "inflight": "1.0.6",
        "inherits": "2.0.3",
        "minimatch": "3.0.4",
        "once": "1.4.0",
        "path-is-absolute": "1.0.1"
      }
    },
    "graceful-readlink": {
      "version": "1.0.1",
      "resolved": "http://registry.npm.taobao.org/graceful-readlink/download/graceful-readlink-1.0.1.tgz",
      "dev": true
    },
    "growl": {
      "version": "1.9.2",
      "resolved": "http://registry.npm.taobao.org/growl/download/growl-1.9.2.tgz",
      "dev": true
    },
    "har-schema": {
      "version": "1.0.5",
      "resolved": "http://registry.npm.taobao.org/har-schema/download/har-schema-1.0.5.tgz"
    },
    "har-validator": {
      "version": "4.2.1",
      "resolved": "http://registry.npm.taobao.org/har-validator/download/har-validator-4.2.1.tgz",
      "requires": {
        "ajv": "4.11.8",
        "har-schema": "1.0.5"
      }
    },
    "has-flag": {
      "version": "1.0.0",
      "resolved": "http://registry.npm.taobao.org/has-flag/download/has-flag-1.0.0.tgz",
      "dev": true
    },
    "hawk": {
      "version": "3.1.3",
      "resolved": "http://registry.npm.taobao.org/hawk/download/hawk-3.1.3.tgz",
      "requires": {
        "boom": "2.10.1",
        "cryptiles": "2.0.5",
        "hoek": "2.16.3",
        "sntp": "1.0.9"
      }
    },
    "hoek": {
      "version": "2.16.3",
      "resolved": "http://registry.npm.taobao.org/hoek/download/hoek-2.16.3.tgz"
    },
    "http-errors": {
      "version": "1.6.2",
      "resolved": "http://registry.npm.taobao.org/http-errors/download/http-errors-1.6.2.tgz",
      "requires": {
        "depd": "1.1.1",
        "inherits": "2.0.3",
        "setprototypeof": "1.0.3",
        "statuses": "1.3.1"
      }
    },
    "http-signature": {
      "version": "1.1.1",
      "resolved": "http://registry.npm.taobao.org/http-signature/download/http-signature-1.1.1.tgz",
      "requires": {
        "assert-plus": "0.2.0",
        "jsprim": "1.4.1",
        "sshpk": "1.13.1"
      }
    },
    "indexof": {
      "version": "0.0.1",
      "resolved": "http://registry.npm.taobao.org/indexof/download/indexof-0.0.1.tgz",
      "dev": true
    },
    "inflight": {
      "version": "1.0.6",
      "resolved": "http://registry.npm.taobao.org/inflight/download/inflight-1.0.6.tgz",
      "dev": true,
      "requires": {
        "once": "1.4.0",
        "wrappy": "1.0.2"
      }
    },
    "inherits": {
      "version": "2.0.3",
      "resolved": "http://registry.npm.taobao.org/inherits/download/inherits-2.0.3.tgz"
    },
    "intelli-espower-loader": {
      "version": "1.0.1",
      "resolved": "http://registry.npm.taobao.org/intelli-espower-loader/download/intelli-espower-loader-1.0.1.tgz",
      "dev": true,
      "requires": {
        "espower-loader": "1.2.2"
      }
    },
    "ipaddr.js": {
      "version": "1.4.0",
      "resolved": "http://registry.npm.taobao.org/ipaddr.js/download/ipaddr.js-1.4.0.tgz"
    },
    "is-typedarray": {
      "version": "1.0.0",
      "resolved": "http://registry.npm.taobao.org/is-typedarray/download/is-typedarray-1.0.0.tgz"
    },
    "is-url": {
      "version": "1.2.2",
      "resolved": "http://registry.npm.taobao.org/is-url/download/is-url-1.2.2.tgz",
      "dev": true
    },
    "isstream": {
      "version": "0.1.2",
      "resolved": "http://registry.npm.taobao.org/isstream/download/isstream-0.1.2.tgz"
    },
    "jsbn": {
      "version": "0.1.1",
      "resolved": "http://registry.npm.taobao.org/jsbn/download/jsbn-0.1.1.tgz",
      "optional": true
    },
    "json-schema": {
      "version": "0.2.3",
      "resolved": "http://registry.npm.taobao.org/json-schema/download/json-schema-0.2.3.tgz"
    },
    "json-stable-stringify": {
      "version": "1.0.1",
      "resolved": "http://registry.npm.taobao.org/json-stable-stringify/download/json-stable-stringify-1.0.1.tgz",
      "requires": {
        "jsonify": "0.0.0"
      }
    },
    "json-stringify-safe": {
      "version": "5.0.1",
      "resolved": "http://registry.npm.taobao.org/json-stringify-safe/download/json-stringify-safe-5.0.1.tgz"
    },
    "json3": {
      "version": "3.3.2",
      "resolved": "http://registry.npm.taobao.org/json3/download/json3-3.3.2.tgz",
      "dev": true
    },
    "jsonify": {
      "version": "0.0.0",
      "resolved": "http://registry.npm.taobao.org/jsonify/download/jsonify-0.0.0.tgz"
    },
    "jsprim": {
      "version": "1.4.1",
      "resolved": "http://registry.npm.taobao.org/jsprim/download/jsprim-1.4.1.tgz",
      "requires": {
        "assert-plus": "1.0.0",
        "extsprintf": "1.3.0",
        "json-schema": "0.2.3",
        "verror": "1.10.0"
      },
      "dependencies": {
        "assert-plus": {
          "version": "1.0.0",
          "resolved": "http://registry.npm.taobao.org/assert-plus/download/assert-plus-1.0.0.tgz"
        }
      }
    },
    "levn": {
      "version": "0.3.0",
      "resolved": "http://registry.npm.taobao.org/levn/download/levn-0.3.0.tgz",
      "dev": true,
      "requires": {
        "prelude-ls": "1.1.2",
        "type-check": "0.3.2"
      }
    },
    "lodash._baseassign": {
      "version": "3.2.0",
      "resolved": "http://registry.npm.taobao.org/lodash._baseassign/download/lodash._baseassign-3.2.0.tgz",
      "dev": true,
      "requires": {
        "lodash._basecopy": "3.0.1",
        "lodash.keys": "3.1.2"
      }
    },
    "lodash._basecopy": {
      "version": "3.0.1",
      "resolved": "http://registry.npm.taobao.org/lodash._basecopy/download/lodash._basecopy-3.0.1.tgz",
      "dev": true
    },
    "lodash._basecreate": {
      "version": "3.0.3",
      "resolved": "http://registry.npm.taobao.org/lodash._basecreate/download/lodash._basecreate-3.0.3.tgz",
      "dev": true
    },
    "lodash._getnative": {
      "version": "3.9.1",
      "resolved": "http://registry.npm.taobao.org/lodash._getnative/download/lodash._getnative-3.9.1.tgz",
      "dev": true
    },
    "lodash._isiterateecall": {
      "version": "3.0.9",
      "resolved": "http://registry.npm.taobao.org/lodash._isiterateecall/download/lodash._isiterateecall-3.0.9.tgz",
      "dev": true
    },
    "lodash.create": {
      "version": "3.1.1",
      "resolved": "http://registry.npm.taobao.org/lodash.create/download/lodash.create-3.1.1.tgz",
      "dev": true,
      "requires": {
        "lodash._baseassign": "3.2.0",
        "lodash._basecreate": "3.0.3",
        "lodash._isiterateecall": "3.0.9"
      }
    },
    "lodash.isarguments": {
      "version": "3.1.0",
      "resolved": "http://registry.npm.taobao.org/lodash.isarguments/download/lodash.isarguments-3.1.0.tgz",
      "dev": true
    },
    "lodash.isarray": {
      "version": "3.0.4",
      "resolved": "http://registry.npm.taobao.org/lodash.isarray/download/lodash.isarray-3.0.4.tgz",
      "dev": true
    },
    "lodash.keys": {
      "version": "3.1.2",
      "resolved": "http://registry.npm.taobao.org/lodash.keys/download/lodash.keys-3.1.2.tgz",
      "dev": true,
      "requires": {
        "lodash._getnative": "3.9.1",
        "lodash.isarguments": "3.1.0",
        "lodash.isarray": "3.0.4"
      }
    },
    "media-typer": {
      "version": "0.3.0",
      "resolved": "http://registry.npm.taobao.org/media-typer/download/media-typer-0.3.0.tgz"
    },
    "merge-descriptors": {
      "version": "1.0.1",
      "resolved": "http://registry.npm.taobao.org/merge-descriptors/download/merge-descriptors-1.0.1.tgz"
    },
    "merge-estraverse-visitors": {
      "version": "1.0.0",
      "resolved": "http://registry.npm.taobao.org/merge-estraverse-visitors/download/merge-estraverse-visitors-1.0.0.tgz",
      "dev": true,
      "requires": {
        "estraverse": "4.2.0"
      }
    },
    "methods": {
      "version": "1.1.2",
      "resolved": "http://registry.npm.taobao.org/methods/download/methods-1.1.2.tgz"
    },
    "mime": {
      "version": "1.3.4",
      "resolved": "http://registry.npm.taobao.org/mime/download/mime-1.3.4.tgz"
    },
    "mime-db": {
      "version": "1.29.0",
      "resolved": "http://registry.npm.taobao.org/mime-db/download/mime-db-1.29.0.tgz"
    },
    "mime-types": {
      "version": "2.1.16",
      "resolved": "http://registry.npm.taobao.org/mime-types/download/mime-types-2.1.16.tgz",
      "requires": {
        "mime-db": "1.29.0"
      }
    },
    "minimatch": {
      "version": "3.0.4",
      "resolved": "http://registry.npm.taobao.org/minimatch/download/minimatch-3.0.4.tgz",
      "dev": true,
      "requires": {
        "brace-expansion": "1.1.8"
      }
    },
    "minimist": {
      "version": "0.0.8",
      "resolved": "http://registry.npm.taobao.org/minimist/download/minimist-0.0.8.tgz",
      "dev": true
    },
    "mkdirp": {
      "version": "0.5.1",
      "resolved": "http://registry.npm.taobao.org/mkdirp/download/mkdirp-0.5.1.tgz",
      "dev": true,
      "requires": {
        "minimist": "0.0.8"
      }
    },
    "mocha": {
      "version": "3.5.0",
      "resolved": "http://registry.npm.taobao.org/mocha/download/mocha-3.5.0.tgz",
      "dev": true,
      "requires": {
        "browser-stdout": "1.3.0",
        "commander": "2.9.0",
        "debug": "2.6.8",
        "diff": "3.2.0",
        "escape-string-regexp": "1.0.5",
        "glob": "7.1.1",
        "growl": "1.9.2",
        "json3": "3.3.2",
        "lodash.create": "3.1.1",
        "mkdirp": "0.5.1",
        "supports-color": "3.1.2"
      }
    },
    "ms": {
      "version": "2.0.0",
      "resolved": "http://registry.npm.taobao.org/ms/download/ms-2.0.0.tgz"
    },
    "multi-stage-sourcemap": {
      "version": "0.2.1",
      "resolved": "http://registry.npm.taobao.org/multi-stage-sourcemap/download/multi-stage-sourcemap-0.2.1.tgz",
      "dev": true,
      "requires": {
        "source-map": "0.1.43"
      },
      "dependencies": {
        "source-map": {
          "version": "0.1.43",
          "resolved": "http://registry.npm.taobao.org/source-map/download/source-map-0.1.43.tgz",
          "dev": true,
          "requires": {
            "amdefine": "1.0.1"
          },
          "dependencies": {
            "amdefine": {
              "version": "1.0.1",
              "bundled": true,
              "dev": true
            }
          }
        }
      }
    },
    "negotiator": {
      "version": "0.6.1",
      "resolved": "http://registry.npm.taobao.org/negotiator/download/negotiator-0.6.1.tgz"
    },
    "oauth-sign": {
      "version": "0.8.2",
      "resolved": "http://registry.npm.taobao.org/oauth-sign/download/oauth-sign-0.8.2.tgz"
    },
    "object-assign": {
      "version": "4.1.1",
      "resolved": "http://registry.npm.taobao.org/object-assign/download/object-assign-4.1.1.tgz",
      "dev": true
    },
    "object-keys": {
      "version": "1.0.11",
      "resolved": "http://registry.npm.taobao.org/object-keys/download/object-keys-1.0.11.tgz",
      "dev": true
    },
    "on-finished": {
      "version": "2.3.0",
      "resolved": "http://registry.npm.taobao.org/on-finished/download/on-finished-2.3.0.tgz",
      "requires": {
        "ee-first": "1.1.1"
      }
    },
    "once": {
      "version": "1.4.0",
      "resolved": "http://registry.npm.taobao.org/once/download/once-1.4.0.tgz",
      "dev": true,
      "requires": {
        "wrappy": "1.0.2"
      }
    },
    "optionator": {
      "version": "0.8.2",
      "resolved": "http://registry.npm.taobao.org/optionator/download/optionator-0.8.2.tgz",
      "dev": true,
      "requires": {
        "deep-is": "0.1.3",
        "fast-levenshtein": "2.0.6",
        "levn": "0.3.0",
        "prelude-ls": "1.1.2",
        "type-check": "0.3.2",
        "wordwrap": "1.0.0"
      }
    },
    "parseurl": {
      "version": "1.3.1",
      "resolved": "http://registry.npm.taobao.org/parseurl/download/parseurl-1.3.1.tgz"
    },
    "path-is-absolute": {
      "version": "1.0.1",
      "resolved": "http://registry.npm.taobao.org/path-is-absolute/download/path-is-absolute-1.0.1.tgz",
      "dev": true
    },
    "path-to-regexp": {
      "version": "0.1.7",
      "resolved": "http://registry.npm.taobao.org/path-to-regexp/download/path-to-regexp-0.1.7.tgz"
    },
    "performance-now": {
      "version": "0.2.0",
      "resolved": "http://registry.npm.taobao.org/performance-now/download/performance-now-0.2.0.tgz"
    },
    "power-assert": {
      "version": "1.4.4",
      "resolved": "http://registry.npm.taobao.org/power-assert/download/power-assert-1.4.4.tgz",
      "dev": true,
      "requires": {
        "define-properties": "1.1.2",
        "empower": "1.2.3",
        "power-assert-formatter": "1.4.1",
        "universal-deep-strict-equal": "1.2.2",
        "xtend": "4.0.1"
      }
    },
    "power-assert-context-formatter": {
      "version": "1.1.1",
      "resolved": "http://registry.npm.taobao.org/power-assert-context-formatter/download/power-assert-context-formatter-1.1.1.tgz",
      "dev": true,
      "requires": {
        "core-js": "2.5.0",
        "power-assert-context-traversal": "1.1.1"
      }
    },
    "power-assert-context-reducer-ast": {
      "version": "1.1.2",
      "resolved": "http://registry.npm.taobao.org/power-assert-context-reducer-ast/download/power-assert-context-reducer-ast-1.1.2.tgz",
      "dev": true,
      "requires": {
        "acorn": "4.0.13",
        "acorn-es7-plugin": "1.1.7",
        "core-js": "2.5.0",
        "espurify": "1.7.0",
        "estraverse": "4.2.0"
      },
      "dependencies": {
        "acorn": {
          "version": "4.0.13",
          "bundled": true,
          "dev": true
        }
      }
    },
    "power-assert-context-traversal": {
      "version": "1.1.1",
      "resolved": "http://registry.npm.taobao.org/power-assert-context-traversal/download/power-assert-context-traversal-1.1.1.tgz",
      "dev": true,
      "requires": {
        "core-js": "2.5.0",
        "estraverse": "4.2.0"
      }
    },
    "power-assert-formatter": {
      "version": "1.4.1",
      "resolved": "http://registry.npm.taobao.org/power-assert-formatter/download/power-assert-formatter-1.4.1.tgz",
      "dev": true,
      "requires": {
        "core-js": "2.5.0",
        "power-assert-context-formatter": "1.1.1",
        "power-assert-context-reducer-ast": "1.1.2",
        "power-assert-renderer-assertion": "1.1.1",
        "power-assert-renderer-comparison": "1.1.1",
        "power-assert-renderer-diagram": "1.1.2",
        "power-assert-renderer-file": "1.1.1"
      }
    },
    "power-assert-renderer-assertion": {
      "version": "1.1.1",
      "resolved": "http://registry.npm.taobao.org/power-assert-renderer-assertion/download/power-assert-renderer-assertion-1.1.1.tgz",
      "dev": true,
      "requires": {
        "power-assert-renderer-base": "1.1.1",
        "power-assert-util-string-width": "1.1.1"
      }
    },
    "power-assert-renderer-base": {
      "version": "1.1.1",
      "resolved": "http://registry.npm.taobao.org/power-assert-renderer-base/download/power-assert-renderer-base-1.1.1.tgz",
      "dev": true
    },
    "power-assert-renderer-comparison": {
      "version": "1.1.1",
      "resolved": "http://registry.npm.taobao.org/power-assert-renderer-comparison/download/power-assert-renderer-comparison-1.1.1.tgz",
      "dev": true,
      "requires": {
        "core-js": "2.5.0",
        "diff-match-patch": "1.0.0",
        "power-assert-renderer-base": "1.1.1",
        "stringifier": "1.3.0",
        "type-name": "2.0.2"
      }
    },
    "power-assert-renderer-diagram": {
      "version": "1.1.2",
      "resolved": "http://registry.npm.taobao.org/power-assert-renderer-diagram/download/power-assert-renderer-diagram-1.1.2.tgz",
      "dev": true,
      "requires": {
        "core-js": "2.5.0",
        "power-assert-renderer-base": "1.1.1",
        "power-assert-util-string-width": "1.1.1",
        "stringifier": "1.3.0"
      }
    },
    "power-assert-renderer-file": {
      "version": "1.1.1",
      "resolved": "http://registry.npm.taobao.org/power-assert-renderer-file/download/power-assert-renderer-file-1.1.1.tgz",
      "dev": true,
      "requires": {
        "power-assert-renderer-base": "1.1.1"
      }
    },
    "power-assert-util-string-width": {
      "version": "1.1.1",
      "resolved": "http://registry.npm.taobao.org/power-assert-util-string-width/download/power-assert-util-string-width-1.1.1.tgz",
      "dev": true,
      "requires": {
        "eastasianwidth": "0.1.1"
      }
    },
    "prelude-ls": {
      "version": "1.1.2",
      "resolved": "http://registry.npm.taobao.org/prelude-ls/download/prelude-ls-1.1.2.tgz",
      "dev": true
    },
    "proxy-addr": {
      "version": "1.1.5",
      "resolved": "http://registry.npm.taobao.org/proxy-addr/download/proxy-addr-1.1.5.tgz",
      "requires": {
        "forwarded": "0.1.0",
        "ipaddr.js": "1.4.0"
      }
    },
    "punycode": {
      "version": "1.4.1",
      "resolved": "http://registry.npm.taobao.org/punycode/download/punycode-1.4.1.tgz"
    },
    "qs": {
      "version": "6.5.0",
      "resolved": "http://registry.npm.taobao.org/qs/download/qs-6.5.0.tgz"
    },
    "range-parser": {
      "version": "1.2.0",
      "resolved": "http://registry.npm.taobao.org/range-parser/download/range-parser-1.2.0.tgz"
    },
    "request": {
      "version": "2.81.0",
      "resolved": "http://registry.npm.taobao.org/request/download/request-2.81.0.tgz",
      "requires": {
        "aws-sign2": "0.6.0",
        "aws4": "1.6.0",
        "caseless": "0.12.0",
        "combined-stream": "1.0.5",
        "extend": "3.0.1",
        "forever-agent": "0.6.1",
        "form-data": "2.1.4",
        "har-validator": "4.2.1",
        "hawk": "3.1.3",
        "http-signature": "1.1.1",
        "is-typedarray": "1.0.0",
        "isstream": "0.1.2",
        "json-stringify-safe": "5.0.1",
        "mime-types": "2.1.16",
        "oauth-sign": "0.8.2",
        "performance-now": "0.2.0",
        "qs": "6.4.0",
        "safe-buffer": "5.1.1",
        "stringstream": "0.0.5",
        "tough-cookie": "2.3.2",
        "tunnel-agent": "0.6.0",
        "uuid": "3.1.0"
      },
      "dependencies": {
        "qs": {
          "version": "6.4.0",
          "bundled": true
        }
      }
    },
    "safe-buffer": {
      "version": "5.1.1",
      "resolved": "http://registry.npm.taobao.org/safe-buffer/download/safe-buffer-5.1.1.tgz"
    },
    "send": {
      "version": "0.15.4",
      "resolved": "http://registry.npm.taobao.org/send/download/send-0.15.4.tgz",
      "requires": {
        "debug": "2.6.8",
        "depd": "1.1.1",
        "destroy": "1.0.4",
        "encodeurl": "1.0.1",
        "escape-html": "1.0.3",
        "etag": "1.8.0",
        "fresh": "0.5.0",
        "http-errors": "1.6.2",
        "mime": "1.3.4",
        "ms": "2.0.0",
        "on-finished": "2.3.0",
        "range-parser": "1.2.0",
        "statuses": "1.3.1"
      }
    },
    "serve-static": {
      "version": "1.12.4",
      "resolved": "http://registry.npm.taobao.org/serve-static/download/serve-static-1.12.4.tgz",
      "requires": {
        "encodeurl": "1.0.1",
        "escape-html": "1.0.3",
        "parseurl": "1.3.1",
        "send": "0.15.4"
      }
    },
    "setprototypeof": {
      "version": "1.0.3",
      "resolved": "http://registry.npm.taobao.org/setprototypeof/download/setprototypeof-1.0.3.tgz"
    },
    "sntp": {
      "version": "1.0.9",
      "resolved": "http://registry.npm.taobao.org/sntp/download/sntp-1.0.9.tgz",
      "requires": {
        "hoek": "2.16.3"
      }
    },
    "source-map": {
      "version": "0.2.0",
      "resolved": "http://registry.npm.taobao.org/source-map/download/source-map-0.2.0.tgz",
      "integrity": "sha1-2rc/vPwrqBm03gO9b26qSBZLP50=",
      "dev": true,
      "optional": true,
      "requires": {
        "amdefine": "1.0.1"
      }
    },
    "source-map-support": {
      "version": "0.4.15",
      "resolved": "http://registry.npm.taobao.org/source-map-support/download/source-map-support-0.4.15.tgz",
      "dev": true,
      "requires": {
        "source-map": "0.5.6"
      },
      "dependencies": {
        "source-map": {
          "version": "0.5.6",
          "resolved": "http://registry.npm.taobao.org/source-map/download/source-map-0.5.6.tgz",
          "dev": true
        }
      }
    },
    "sshpk": {
      "version": "1.13.1",
      "resolved": "http://registry.npm.taobao.org/sshpk/download/sshpk-1.13.1.tgz",
      "requires": {
        "asn1": "0.2.3",
        "assert-plus": "1.0.0",
        "bcrypt-pbkdf": "1.0.1",
        "dashdash": "1.14.1",
        "ecc-jsbn": "0.1.1",
        "getpass": "0.1.7",
        "jsbn": "0.1.1",
        "tweetnacl": "0.14.5"
      },
      "dependencies": {
        "assert-plus": {
          "version": "1.0.0",
          "bundled": true
        }
      }
    },
    "statuses": {
      "version": "1.3.1",
      "resolved": "http://registry.npm.taobao.org/statuses/download/statuses-1.3.1.tgz"
    },
    "stringifier": {
      "version": "1.3.0",
      "resolved": "http://registry.npm.taobao.org/stringifier/download/stringifier-1.3.0.tgz",
      "dev": true,
      "requires": {
        "core-js": "2.5.0",
        "traverse": "0.6.6",
        "type-name": "2.0.2"
      }
    },
    "stringstream": {
      "version": "0.0.5",
      "resolved": "http://registry.npm.taobao.org/stringstream/download/stringstream-0.0.5.tgz"
    },
    "supports-color": {
      "version": "3.1.2",
      "resolved": "http://registry.npm.taobao.org/supports-color/download/supports-color-3.1.2.tgz",
      "dev": true,
      "requires": {
        "has-flag": "1.0.0"
      }
    },
    "tough-cookie": {
      "version": "2.3.2",
      "resolved": "http://registry.npm.taobao.org/tough-cookie/download/tough-cookie-2.3.2.tgz",
      "requires": {
        "punycode": "1.4.1"
      }
    },
    "traverse": {
      "version": "0.6.6",
      "resolved": "http://registry.npm.taobao.org/traverse/download/traverse-0.6.6.tgz",
      "dev": true
    },
    "tunnel-agent": {
      "version": "0.6.0",
      "resolved": "http://registry.npm.taobao.org/tunnel-agent/download/tunnel-agent-0.6.0.tgz",
      "requires": {
        "safe-buffer": "5.1.1"
      }
    },
    "tweetnacl": {
      "version": "0.14.5",
      "resolved": "http://registry.npm.taobao.org/tweetnacl/download/tweetnacl-0.14.5.tgz",
      "optional": true
    },
    "type-check": {
      "version": "0.3.2",
      "resolved": "http://registry.npm.taobao.org/type-check/download/type-check-0.3.2.tgz",
      "dev": true,
      "requires": {
        "prelude-ls": "1.1.2"
      }
    },
    "type-is": {
      "version": "1.6.15",
      "resolved": "http://registry.npm.taobao.org/type-is/download/type-is-1.6.15.tgz",
      "requires": {
        "media-typer": "0.3.0",
        "mime-types": "2.1.16"
      }
    },
    "type-name": {
      "version": "2.0.2",
      "resolved": "http://registry.npm.taobao.org/type-name/download/type-name-2.0.2.tgz",
      "dev": true
    },
    "universal-deep-strict-equal": {
      "version": "1.2.2",
      "resolved": "http://registry.npm.taobao.org/universal-deep-strict-equal/download/universal-deep-strict-equal-1.2.2.tgz",
      "dev": true,
      "requires": {
        "array-filter": "1.0.0",
        "indexof": "0.0.1",
        "object-keys": "1.0.11"
      }
    },
    "unpipe": {
      "version": "1.0.0",
      "resolved": "http://registry.npm.taobao.org/unpipe/download/unpipe-1.0.0.tgz"
    },
    "utils-merge": {
      "version": "1.0.0",
      "resolved": "http://registry.npm.taobao.org/utils-merge/download/utils-merge-1.0.0.tgz"
    },
    "uuid": {
      "version": "3.1.0",
      "resolved": "http://registry.npm.taobao.org/uuid/download/uuid-3.1.0.tgz"
    },
    "vary": {
      "version": "1.1.1",
      "resolved": "http://registry.npm.taobao.org/vary/download/vary-1.1.1.tgz"
    },
    "verror": {
      "version": "1.10.0",
      "resolved": "http://registry.npm.taobao.org/verror/download/verror-1.10.0.tgz",
      "requires": {
        "assert-plus": "1.0.0",
        "core-util-is": "1.0.2",
        "extsprintf": "1.3.0"
      },
      "dependencies": {
        "assert-plus": {
          "version": "1.0.0",
          "bundled": true
        }
      }
    },
    "wordwrap": {
      "version": "1.0.0",
      "resolved": "http://registry.npm.taobao.org/wordwrap/download/wordwrap-1.0.0.tgz",
      "dev": true
    },
    "wrappy": {
      "version": "1.0.2",
      "resolved": "http://registry.npm.taobao.org/wrappy/download/wrappy-1.0.2.tgz",
      "dev": true
    },
    "xtend": {
      "version": "4.0.1",
      "resolved": "http://registry.npm.taobao.org/xtend/download/xtend-4.0.1.tgz",
      "dev": true
    }
  }
}
