# THIS IS AN AUTOGENERATED FILE. DO NOT EDIT THIS FILE DIRECTLY.
# yarn lockfile v1


accepts@~1.3.5:
  version "1.3.5"
  resolved "http://r.cnpmjs.org/accepts/download/accepts-1.3.5.tgz#eb777df6011723a3b14e8a72c0805c8e86746bd2"
  integrity sha1-63d99gEXI6OxTopywIBcjoZ0a9I=
  dependencies:
    mime-types "~2.1.18"
    negotiator "0.6.1"

acorn-es7-plugin@^1.0.10, acorn-es7-plugin@^1.0.12:
  version "1.1.7"
  resolved "http://r.cnpmjs.org/acorn-es7-plugin/download/acorn-es7-plugin-1.1.7.tgz#f2ee1f3228a90eead1245f9ab1922eb2e71d336b"
  integrity sha1-8u4fMiipDurRJF+asZIusucdM2s=

acorn@^5.0.0:
  version "5.7.2"
  resolved "http://r.cnpmjs.org/acorn/download/acorn-5.7.2.tgz#91fa871883485d06708800318404e72bfb26dcc5"
  integrity sha1-kfqHGINIXQZwiAAxhATnK/sm3MU=

ajv@^5.3.0:
  version "5.5.2"
  resolved "http://r.cnpmjs.org/ajv/download/ajv-5.5.2.tgz#73b5eeca3fab653e3d3f9422b341ad42205dc965"
  integrity sha1-c7Xuyj+rZT49P5Qis0GtQiBdyWU=
  dependencies:
    co "^4.6.0"
    fast-deep-equal "^1.0.0"
    fast-json-stable-stringify "^2.0.0"
    json-schema-traverse "^0.3.0"

amdefine@>=0.0.4:
  version "1.0.1"
  resolved "http://r.cnpmjs.org/amdefine/download/amdefine-1.0.1.tgz#4a5282ac164729e93619bcfd3ad151f817ce91f5"
  integrity sha1-SlKCrBZHKek2Gbz9OtFR+BfOkfU=

apicache@^1.2.1:
  version "1.2.3"
  resolved "http://r.cnpmjs.org/apicache/download/apicache-1.2.3.tgz#00909d2ad37c78822d01a4628162ab7c42fb0a77"
  integrity sha1-AJCdKtN8eIItAaRigWKrfEL7Cnc=

array-filter@^1.0.0:
  version "1.0.0"
  resolved "http://r.cnpmjs.org/array-filter/download/array-filter-1.0.0.tgz#baf79e62e6ef4c2a4c0b831232daffec251f9d83"
  integrity sha1-uveeYubvTCpMC4MSMtr/7CUfnYM=

array-find@^1.0.0:
  version "1.0.0"
  resolved "http://r.cnpmjs.org/array-find/download/array-find-1.0.0.tgz#6c8e286d11ed768327f8e62ecee87353ca3e78b8"
  integrity sha1-bI4obRHtdoMn+OYuzuhzU8o+eLg=

array-flatten@1.1.1:
  version "1.1.1"
  resolved "http://r.cnpmjs.org/array-flatten/download/array-flatten-1.1.1.tgz#9a5f699051b1e7073328f2a008968b64ea2955d2"
  integrity sha1-ml9pkFGx5wczKPKgCJaLZOopVdI=

asn1@~0.2.3:
  version "0.2.4"
  resolved "http://r.cnpmjs.org/asn1/download/asn1-0.2.4.tgz#8d2475dfab553bb33e77b54e59e880bb8ce23136"
  integrity sha1-jSR136tVO7M+d7VOWeiAu4ziMTY=
  dependencies:
    safer-buffer "~2.1.0"

assert-plus@1.0.0, assert-plus@^1.0.0:
  version "1.0.0"
  resolved "http://r.cnpmjs.org/assert-plus/download/assert-plus-1.0.0.tgz#f12e0f3c5d77b0b1cdd9146942e4e96c1e4dd525"
  integrity sha1-8S4PPF13sLHN2RRpQuTpbB5N1SU=

asynckit@^0.4.0:
  version "0.4.0"
  resolved "http://r.cnpmjs.org/asynckit/download/asynckit-0.4.0.tgz#c79ed97f7f34cb8f2ba1bc9790bcc366474b4b79"
  integrity sha1-x57Zf380y48robyXkLzDZkdLS3k=

aws-sign2@~0.7.0:
  version "0.7.0"
  resolved "http://r.cnpmjs.org/aws-sign2/download/aws-sign2-0.7.0.tgz#b46e890934a9591f2d2f6f86d7e6a9f1b3fe76a8"
  integrity sha1-tG6JCTSpWR8tL2+G1+ap8bP+dqg=

aws4@^1.8.0:
  version "1.8.0"
  resolved "http://r.cnpmjs.org/aws4/download/aws4-1.8.0.tgz#f0e003d9ca9e7f59c7a508945d7b2ef9a04a542f"
  integrity sha1-8OAD2cqef1nHpQiUXXsu+aBKVC8=

balanced-match@^1.0.0:
  version "1.0.0"
  resolved "http://r.cnpmjs.org/balanced-match/download/balanced-match-1.0.0.tgz#89b4d199ab2bee49de164ea02b89ce462d71b767"
  integrity sha1-ibTRmasr7kneFk6gK4nORi1xt2c=

bcrypt-pbkdf@^1.0.0:
  version "1.0.2"
  resolved "http://r.cnpmjs.org/bcrypt-pbkdf/download/bcrypt-pbkdf-1.0.2.tgz#a4301d389b6a43f9b67ff3ca11a3f6637e360e9e"
  integrity sha1-pDAdOJtqQ/m2f/PKEaP2Y342Dp4=
  dependencies:
    tweetnacl "^0.14.3"

body-parser@1.18.2:
  version "1.18.2"
  resolved "http://r.cnpmjs.org/body-parser/download/body-parser-1.18.2.tgz#87678a19d84b47d859b83199bd59bce222b10454"
  integrity sha1-h2eKGdhLR9hZuDGZvVm84iKxBFQ=
  dependencies:
    bytes "3.0.0"
    content-type "~1.0.4"
    debug "2.6.9"
    depd "~1.1.1"
    http-errors "~1.6.2"
    iconv-lite "0.4.19"
    on-finished "~2.3.0"
    qs "6.5.1"
    raw-body "2.3.2"
    type-is "~1.6.15"

brace-expansion@^1.1.7:
  version "1.1.11"
  resolved "http://r.cnpmjs.org/brace-expansion/download/brace-expansion-1.1.11.tgz#3c7fcbf529d87226f3d2f52b966ff5271eb441dd"
  integrity sha1-PH/L9SnYcibz0vUrlm/1Jx60Qd0=
  dependencies:
    balanced-match "^1.0.0"
    concat-map "0.0.1"

browser-stdout@1.3.1:
  version "1.3.1"
  resolved "http://r.cnpmjs.org/browser-stdout/download/browser-stdout-1.3.1.tgz#baa559ee14ced73452229bad7326467c61fabd60"
  integrity sha1-uqVZ7hTO1zRSIputcyZGfGH6vWA=

bytes@3.0.0:
  version "3.0.0"
  resolved "http://r.cnpmjs.org/bytes/download/bytes-3.0.0.tgz#d32815404d689699f85a4ea4fa8755dd13a96048"
  integrity sha1-0ygVQE1olpn4Wk6k+odV3ROpYEg=

call-matcher@^1.0.0:
  version "1.1.0"
  resolved "http://r.cnpmjs.org/call-matcher/download/call-matcher-1.1.0.tgz#23b2c1bc7a8394c8be28609d77ddbd5786680432"
  integrity sha1-I7LBvHqDlMi+KGCdd929V4ZoBDI=
  dependencies:
    core-js "^2.0.0"
    deep-equal "^1.0.0"
    espurify "^1.6.0"
    estraverse "^4.0.0"

call-signature@0.0.2:
  version "0.0.2"
  resolved "http://r.cnpmjs.org/call-signature/download/call-signature-0.0.2.tgz#a84abc825a55ef4cb2b028bd74e205a65b9a4996"
  integrity sha1-qEq8glpV70yysCi9dOIFpluaSZY=

caseless@~0.12.0:
  version "0.12.0"
  resolved "http://r.cnpmjs.org/caseless/download/caseless-0.12.0.tgz#1b681c21ff84033c826543090689420d187151dc"
  integrity sha1-G2gcIf+EAzyCZUMJBolCDRhxUdw=

co@^4.6.0:
  version "4.6.0"
  resolved "http://r.cnpmjs.org/co/download/co-4.6.0.tgz#6ea6bdf3d853ae54ccb8e47bfa0bf3f9031fb184"
  integrity sha1-bqa989hTrlTMuOR7+gvz+QMfsYQ=

combined-stream@1.0.6, combined-stream@~1.0.6:
  version "1.0.6"
  resolved "http://r.cnpmjs.org/combined-stream/download/combined-stream-1.0.6.tgz#723e7df6e801ac5613113a7e445a9b69cb632818"
  integrity sha1-cj599ugBrFYTETp+RFqbactjKBg=
  dependencies:
    delayed-stream "~1.0.0"

commander@2.15.1:
  version "2.15.1"
  resolved "http://r.cnpmjs.org/commander/download/commander-2.15.1.tgz#df46e867d0fc2aec66a34662b406a9ccafff5b0f"
  integrity sha1-30boZ9D8Kuxmo0ZitAapzK//Ww8=

concat-map@0.0.1:
  version "0.0.1"
  resolved "http://r.cnpmjs.org/concat-map/download/concat-map-0.0.1.tgz#d8a96bd77fd68df7793a73036a3ba0d5405d477b"
  integrity sha1-2Klr13/Wjfd5OnMDajug1UBdR3s=

content-disposition@0.5.2:
  version "0.5.2"
  resolved "http://r.cnpmjs.org/content-disposition/download/content-disposition-0.5.2.tgz#0cf68bb9ddf5f2be7961c3a85178cb85dba78cb4"
  integrity sha1-DPaLud318r55YcOoUXjLhdunjLQ=

content-type@~1.0.4:
  version "1.0.4"
  resolved "http://r.cnpmjs.org/content-type/download/content-type-1.0.4.tgz#e138cc75e040c727b1966fe5e5f8c9aee256fe3b"
  integrity sha1-4TjMdeBAxyexlm/l5fjJruJW/js=

convert-source-map@^1.1.0, convert-source-map@^1.1.1:
  version "1.6.0"
  resolved "http://r.cnpmjs.org/convert-source-map/download/convert-source-map-1.6.0.tgz#51b537a8c43e0f04dec1993bffcdd504e758ac20"
  integrity sha1-UbU3qMQ+DwTewZk7/83VBOdYrCA=
  dependencies:
    safe-buffer "~5.1.1"

cookie-signature@1.0.6:
  version "1.0.6"
  resolved "http://r.cnpmjs.org/cookie-signature/download/cookie-signature-1.0.6.tgz#e303a882b342cc3ee8ca513a79999734dab3ae2c"
  integrity sha1-4wOogrNCzD7oylE6eZmXNNqzriw=

cookie@0.3.1:
  version "0.3.1"
  resolved "http://r.cnpmjs.org/cookie/download/cookie-0.3.1.tgz#e7e0a1f9ef43b4c8ba925c5c5a96e806d16873bb"
  integrity sha1-5+Ch+e9DtMi6klxcWpboBtFoc7s=

core-js@^2.0.0:
  version "2.5.7"
  resolved "http://r.cnpmjs.org/core-js/download/core-js-2.5.7.tgz#f972608ff0cead68b841a16a932d0b183791814e"
  integrity sha1-+XJgj/DOrWi4QaFqky0LGDeRgU4=

core-util-is@1.0.2:
  version "1.0.2"
  resolved "http://r.cnpmjs.org/core-util-is/download/core-util-is-1.0.2.tgz#b5fd54220aa2bc5ab57aab7140c940754503c1a7"
  integrity sha1-tf1UIgqivFq1eqtxQMlAdUUDwac=

d@1:
  version "1.0.0"
  resolved "http://r.cnpmjs.org/d/download/d-1.0.0.tgz#754bb5bfe55451da69a58b94d45f4c5b0462d58f"
  integrity sha1-dUu1v+VUUdpppYuU1F9MWwRi1Y8=
  dependencies:
    es5-ext "^0.10.9"

dashdash@^1.12.0:
  version "1.14.1"
  resolved "http://r.cnpmjs.org/dashdash/download/dashdash-1.14.1.tgz#853cfa0f7cbe2fed5de20326b8dd581035f6e2f0"
  integrity sha1-hTz6D3y+L+1d4gMmuN1YEDX24vA=
  dependencies:
    assert-plus "^1.0.0"

debug@2.6.9:
  version "2.6.9"
  resolved "http://r.cnpmjs.org/debug/download/debug-2.6.9.tgz#5d128515df134ff327e90a4c93f4e077a536341f"
  integrity sha1-XRKFFd8TT/Mn6QpMk/Tgd6U2NB8=
  dependencies:
    ms "2.0.0"

debug@3.1.0:
  version "3.1.0"
  resolved "http://r.cnpmjs.org/debug/download/debug-3.1.0.tgz#5bb5a0672628b64149566ba16819e61518c67261"
  integrity sha1-W7WgZyYotkFJVmuhaBnmFRjGcmE=
  dependencies:
    ms "2.0.0"

deep-equal@^1.0.0:
  version "1.0.1"
  resolved "http://r.cnpmjs.org/deep-equal/download/deep-equal-1.0.1.tgz#f5d260292b660e084eff4cdbc9f08ad3247448b5"
  integrity sha1-9dJgKStmDghO/0zbyfCK0yR0SLU=

deep-is@~0.1.3:
  version "0.1.3"
  resolved "http://r.cnpmjs.org/deep-is/download/deep-is-0.1.3.tgz#b369d6fb5dbc13eecf524f91b070feedc357cf34"
  integrity sha1-s2nW+128E+7PUk+RsHD+7cNXzzQ=

define-properties@^1.1.2:
  version "1.1.3"
  resolved "http://r.cnpmjs.org/define-properties/download/define-properties-1.1.3.tgz#cf88da6cbee26fe6db7094f61d870cbd84cee9f1"
  integrity sha1-z4jabL7ib+bbcJT2HYcMvYTO6fE=
  dependencies:
    object-keys "^1.0.12"

delayed-stream@~1.0.0:
  version "1.0.0"
  resolved "http://r.cnpmjs.org/delayed-stream/download/delayed-stream-1.0.0.tgz#df3ae199acadfb7d440aaae0b29e2272b24ec619"
  integrity sha1-3zrhmayt+31ECqrgsp4icrJOxhk=

depd@1.1.1:
  version "1.1.1"
  resolved "http://r.cnpmjs.org/depd/download/depd-1.1.1.tgz#5783b4e1c459f06fa5ca27f991f3d06e7a310359"
  integrity sha1-V4O04cRZ8G+lyif5kfPQbnoxA1k=

depd@~1.1.1, depd@~1.1.2:
  version "1.1.2"
  resolved "http://r.cnpmjs.org/depd/download/depd-1.1.2.tgz#9bcd52e14c097763e749b274c4346ed2e560b5a9"
  integrity sha1-m81S4UwJd2PnSbJ0xDRu0uVgtak=

destroy@~1.0.4:
  version "1.0.4"
  resolved "http://r.cnpmjs.org/destroy/download/destroy-1.0.4.tgz#978857442c44749e4206613e37946205826abd80"
  integrity sha1-l4hXRCxEdJ5CBmE+N5RiBYJqvYA=

diff-match-patch@^1.0.0:
  version "1.0.4"
  resolved "http://r.cnpmjs.org/diff-match-patch/download/diff-match-patch-1.0.4.tgz#6ac4b55237463761c4daf0dc603eb869124744b1"
  integrity sha1-asS1UjdGN2HE2vDcYD64aRJHRLE=

diff@3.5.0:
  version "3.5.0"
  resolved "http://r.cnpmjs.org/diff/download/diff-3.5.0.tgz#800c0dd1e0a8bfbc95835c202ad220fe317e5a12"
  integrity sha1-gAwN0eCov7yVg1wgKtIg/jF+WhI=

eastasianwidth@^0.2.0:
  version "0.2.0"
  resolved "http://r.cnpmjs.org/eastasianwidth/download/eastasianwidth-0.2.0.tgz#696ce2ec0aa0e6ea93a397ffcf24aa7840c827cb"
  integrity sha1-aWzi7Aqg5uqTo5f/zySqeEDIJ8s=

ecc-jsbn@~0.1.1:
  version "0.1.2"
  resolved "http://r.cnpmjs.org/ecc-jsbn/download/ecc-jsbn-0.1.2.tgz#3a83a904e54353287874c564b7549386849a98c9"
  integrity sha1-OoOpBOVDUyh4dMVkt1SThoSamMk=
  dependencies:
    jsbn "~0.1.0"
    safer-buffer "^2.1.0"

ee-first@1.1.1:
  version "1.1.1"
  resolved "http://r.cnpmjs.org/ee-first/download/ee-first-1.1.1.tgz#590c61156b0ae2f4f0255732a158b266bc56b21d"
  integrity sha1-WQxhFWsK4vTwJVcyoViyZrxWsh0=

empower-assert@^1.0.0:
  version "1.1.0"
  resolved "http://r.cnpmjs.org/empower-assert/download/empower-assert-1.1.0.tgz#8d327fbe69a88af90dda98d1bfc9829d2a24fd62"
  integrity sha1-jTJ/vmmoivkN2pjRv8mCnSok/WI=
  dependencies:
    estraverse "^4.2.0"

empower-core@^1.2.0:
  version "1.2.0"
  resolved "http://r.cnpmjs.org/empower-core/download/empower-core-1.2.0.tgz#ce3fb2484d5187fa29c23fba8344b0b2fdf5601c"
  integrity sha1-zj+ySE1Rh/opwj+6g0Swsv31YBw=
  dependencies:
    call-signature "0.0.2"
    core-js "^2.0.0"

empower@^1.3.0:
  version "1.3.0"
  resolved "http://r.cnpmjs.org/empower/download/empower-1.3.0.tgz#6b05e77625e77dc44945c4328562c3020b01fa4b"
  integrity sha1-awXndiXnfcRJRcQyhWLDAgsB+ks=
  dependencies:
    core-js "^2.0.0"
    empower-core "^1.2.0"

encodeurl@~1.0.2:
  version "1.0.2"
  resolved "http://r.cnpmjs.org/encodeurl/download/encodeurl-1.0.2.tgz#ad3ff4c86ec2d029322f5a02c3a9a606c95b3f59"
  integrity sha1-rT/0yG7C0CkyL1oCw6mmBslbP1k=

es5-ext@^0.10.14, es5-ext@^0.10.35, es5-ext@^0.10.9, es5-ext@~0.10.14:
  version "0.10.46"
  resolved "http://r.cnpmjs.org/es5-ext/download/es5-ext-0.10.46.tgz#efd99f67c5a7ec789baa3daa7f79870388f7f572"
  integrity sha1-79mfZ8Wn7Hibqj2qf3mHA4j39XI=
  dependencies:
    es6-iterator "~2.0.3"
    es6-symbol "~3.1.1"
    next-tick "1"

es6-iterator@^2.0.1, es6-iterator@~2.0.1, es6-iterator@~2.0.3:
  version "2.0.3"
  resolved "http://r.cnpmjs.org/es6-iterator/download/es6-iterator-2.0.3.tgz#a7de889141a05a94b0854403b2d0a0fbfa98f3b7"
  integrity sha1-p96IkUGgWpSwhUQDstCg+/qY87c=
  dependencies:
    d "1"
    es5-ext "^0.10.35"
    es6-symbol "^3.1.1"

es6-map@^0.1.3:
  version "0.1.5"
  resolved "http://r.cnpmjs.org/es6-map/download/es6-map-0.1.5.tgz#9136e0503dcc06a301690f0bb14ff4e364e949f0"
  integrity sha1-kTbgUD3MBqMBaQ8LsU/042TpSfA=
  dependencies:
    d "1"
    es5-ext "~0.10.14"
    es6-iterator "~2.0.1"
    es6-set "~0.1.5"
    es6-symbol "~3.1.1"
    event-emitter "~0.3.5"

es6-set@~0.1.5:
  version "0.1.5"
  resolved "http://r.cnpmjs.org/es6-set/download/es6-set-0.1.5.tgz#d2b3ec5d4d800ced818db538d28974db0a73ccb1"
  integrity sha1-0rPsXU2ADO2BjbU40ol02wpzzLE=
  dependencies:
    d "1"
    es5-ext "~0.10.14"
    es6-iterator "~2.0.1"
    es6-symbol "3.1.1"
    event-emitter "~0.3.5"

es6-symbol@3.1.1, es6-symbol@^3.1.1, es6-symbol@~3.1.1:
  version "3.1.1"
  resolved "http://r.cnpmjs.org/es6-symbol/download/es6-symbol-3.1.1.tgz#bf00ef4fdab6ba1b46ecb7b629b4c7ed5715cc77"
  integrity sha1-vwDvT9q2uhtG7Le2KbTH7VcVzHc=
  dependencies:
    d "1"
    es5-ext "~0.10.14"

es6-weak-map@^2.0.1:
  version "2.0.2"
  resolved "http://r.cnpmjs.org/es6-weak-map/download/es6-weak-map-2.0.2.tgz#5e3ab32251ffd1538a1f8e5ffa1357772f92d96f"
  integrity sha1-XjqzIlH/0VOKH45f+hNXdy+S2W8=
  dependencies:
    d "1"
    es5-ext "^0.10.14"
    es6-iterator "^2.0.1"
    es6-symbol "^3.1.1"

escallmatch@^1.5.0:
  version "1.5.0"
  resolved "http://r.cnpmjs.org/escallmatch/download/escallmatch-1.5.0.tgz#50099d86e8091b092df8ddfbc3f9a6fb05a024d0"
  integrity sha1-UAmdhugJGwkt+N37w/mm+wWgJNA=
  dependencies:
    call-matcher "^1.0.0"
    esprima "^2.0.0"

escape-html@~1.0.3:
  version "1.0.3"
  resolved "http://r.cnpmjs.org/escape-html/download/escape-html-1.0.3.tgz#0258eae4d3d0c0974de1c169188ef0051d1d1988"
  integrity sha1-Aljq5NPQwJdN4cFpGI7wBR0dGYg=

escape-string-regexp@1.0.5:
  version "1.0.5"
  resolved "http://r.cnpmjs.org/escape-string-regexp/download/escape-string-regexp-1.0.5.tgz#1b61c0562190a8dff6ae3bb2cf0200ca130b86d4"
  integrity sha1-G2HAViGQqN/2rjuyzwIAyhMLhtQ=

escodegen@^1.10.0, escodegen@^1.7.0:
  version "1.11.0"
  resolved "http://r.cnpmjs.org/escodegen/download/escodegen-1.11.0.tgz#b27a9389481d5bfd5bec76f7bb1eb3f8f4556589"
  integrity sha1-snqTiUgdW/1b7Hb3ux6z+PRVZYk=
  dependencies:
    esprima "^3.1.3"
    estraverse "^4.2.0"
    esutils "^2.0.2"
    optionator "^0.8.1"
  optionalDependencies:
    source-map "~0.6.1"

escope@^3.3.0:
  version "3.6.0"
  resolved "http://r.cnpmjs.org/escope/download/escope-3.6.0.tgz#e01975e812781a163a6dadfdd80398dc64c889c3"
  integrity sha1-4Bl16BJ4GhY6ba392AOY3GTIicM=
  dependencies:
    es6-map "^0.1.3"
    es6-weak-map "^2.0.1"
    esrecurse "^4.1.0"
    estraverse "^4.1.1"

espower-loader@^1.0.0:
  version "1.2.2"
  resolved "http://r.cnpmjs.org/espower-loader/download/espower-loader-1.2.2.tgz#edb46c3c59a06bac8ea73a695c86e5c5a0bc82da"
  integrity sha1-7bRsPFmga6yOpzppXIblxaC8gto=
  dependencies:
    convert-source-map "^1.1.0"
    espower-source "^2.0.0"
    minimatch "^3.0.0"
    source-map-support "^0.4.0"
    xtend "^4.0.0"

espower-location-detector@^1.0.0:
  version "1.0.0"
  resolved "http://r.cnpmjs.org/espower-location-detector/download/espower-location-detector-1.0.0.tgz#a17b7ecc59d30e179e2bef73fb4137704cb331b5"
  integrity sha1-oXt+zFnTDheeK+9z+0E3cEyzMbU=
  dependencies:
    is-url "^1.2.1"
    path-is-absolute "^1.0.0"
    source-map "^0.5.0"
    xtend "^4.0.0"

espower-source@^2.0.0:
  version "2.3.0"
  resolved "http://r.cnpmjs.org/espower-source/download/espower-source-2.3.0.tgz#43e93b2c18af50018bdb1bea7a1271f4a1c125f4"
  integrity sha1-Q+k7LBivUAGL2xvqehJx9KHBJfQ=
  dependencies:
    acorn "^5.0.0"
    acorn-es7-plugin "^1.0.10"
    convert-source-map "^1.1.1"
    empower-assert "^1.0.0"
    escodegen "^1.10.0"
    espower "^2.1.1"
    estraverse "^4.0.0"
    merge-estraverse-visitors "^1.0.0"
    multi-stage-sourcemap "^0.2.1"
    path-is-absolute "^1.0.0"
    xtend "^4.0.0"

espower@^2.1.1:
  version "2.1.1"
  resolved "http://r.cnpmjs.org/espower/download/espower-2.1.1.tgz#158c91585528db46c0eb5a731c2136a427ad2857"
  integrity sha1-FYyRWFUo20bA61pzHCE2pCetKFc=
  dependencies:
    array-find "^1.0.0"
    escallmatch "^1.5.0"
    escodegen "^1.7.0"
    escope "^3.3.0"
    espower-location-detector "^1.0.0"
    espurify "^1.3.0"
    estraverse "^4.1.0"
    source-map "^0.5.0"
    type-name "^2.0.0"
    xtend "^4.0.0"

esprima@^2.0.0:
  version "2.7.3"
  resolved "http://r.cnpmjs.org/esprima/download/esprima-2.7.3.tgz#96e3b70d5779f6ad49cd032673d1c312767ba581"
  integrity sha1-luO3DVd59q1JzQMmc9HDEnZ7pYE=

esprima@^3.1.3:
  version "3.1.3"
  resolved "http://r.cnpmjs.org/esprima/download/esprima-3.1.3.tgz#fdca51cee6133895e3c88d535ce49dbff62a4633"
  integrity sha1-/cpRzuYTOJXjyI1TXOSdv/YqRjM=

espurify@^1.3.0, espurify@^1.6.0:
  version "1.8.1"
  resolved "http://r.cnpmjs.org/espurify/download/espurify-1.8.1.tgz#5746c6c1ab42d302de10bd1d5bf7f0e8c0515056"
  integrity sha1-V0bGwatC0wLeEL0dW/fw6MBRUFY=
  dependencies:
    core-js "^2.0.0"

esrecurse@^4.1.0:
  version "4.2.1"
  resolved "http://r.cnpmjs.org/esrecurse/download/esrecurse-4.2.1.tgz#007a3b9fdbc2b3bb87e4879ea19c92fdbd3942cf"
  integrity sha1-AHo7n9vCs7uH5IeeoZyS/b05Qs8=
  dependencies:
    estraverse "^4.1.0"

estraverse@^4.0.0, estraverse@^4.1.0, estraverse@^4.1.1, estraverse@^4.2.0:
  version "4.2.0"
  resolved "http://r.cnpmjs.org/estraverse/download/estraverse-4.2.0.tgz#0dee3fed31fcd469618ce7342099fc1afa0bdb13"
  integrity sha1-De4/7TH81GlhjOc0IJn8GvoL2xM=

esutils@^2.0.2:
  version "2.0.2"
  resolved "http://r.cnpmjs.org/esutils/download/esutils-2.0.2.tgz#0abf4f1caa5bcb1f7a9d8acc6dea4faaa04bac9b"
  integrity sha1-Cr9PHKpbyx96nYrMbepPqqBLrJs=

etag@~1.8.1:
  version "1.8.1"
  resolved "http://r.cnpmjs.org/etag/download/etag-1.8.1.tgz#41ae2eeb65efa62268aebfea83ac7d79299b0887"
  integrity sha1-Qa4u62XvpiJorr/qg6x9eSmbCIc=

event-emitter@~0.3.5:
  version "0.3.5"
  resolved "http://r.cnpmjs.org/event-emitter/download/event-emitter-0.3.5.tgz#df8c69eef1647923c7157b9ce83840610b02cc39"
  integrity sha1-34xp7vFkeSPHFXuc6DhAYQsCzDk=
  dependencies:
    d "1"
    es5-ext "~0.10.14"

express@^4.16.3:
  version "4.16.3"
  resolved "http://r.cnpmjs.org/express/download/express-4.16.3.tgz#6af8a502350db3246ecc4becf6b5a34d22f7ed53"
  integrity sha1-avilAjUNsyRuzEvs9rWjTSL37VM=
  dependencies:
    accepts "~1.3.5"
    array-flatten "1.1.1"
    body-parser "1.18.2"
    content-disposition "0.5.2"
    content-type "~1.0.4"
    cookie "0.3.1"
    cookie-signature "1.0.6"
    debug "2.6.9"
    depd "~1.1.2"
    encodeurl "~1.0.2"
    escape-html "~1.0.3"
    etag "~1.8.1"
    finalhandler "1.1.1"
    fresh "0.5.2"
    merge-descriptors "1.0.1"
    methods "~1.1.2"
    on-finished "~2.3.0"
    parseurl "~1.3.2"
    path-to-regexp "0.1.7"
    proxy-addr "~2.0.3"
    qs "6.5.1"
    range-parser "~1.2.0"
    safe-buffer "5.1.1"
    send "0.16.2"
    serve-static "1.13.2"
    setprototypeof "1.1.0"
    statuses "~1.4.0"
    type-is "~1.6.16"
    utils-merge "1.0.1"
    vary "~1.1.2"

extend@~3.0.2:
  version "3.0.2"
  resolved "http://r.cnpmjs.org/extend/download/extend-3.0.2.tgz#f8b1136b4071fbd8eb140aff858b1019ec2915fa"
  integrity sha1-+LETa0Bx+9jrFAr/hYsQGewpFfo=

extsprintf@1.3.0:
  version "1.3.0"
  resolved "http://r.cnpmjs.org/extsprintf/download/extsprintf-1.3.0.tgz#96918440e3041a7a414f8c52e3c574eb3c3e1e05"
  integrity sha1-lpGEQOMEGnpBT4xS48V06zw+HgU=

extsprintf@^1.2.0:
  version "1.4.0"
  resolved "http://r.cnpmjs.org/extsprintf/download/extsprintf-1.4.0.tgz#e2689f8f356fad62cca65a3a91c5df5f9551692f"
  integrity sha1-4mifjzVvrWLMplo6kcXfX5VRaS8=

fast-deep-equal@^1.0.0:
  version "1.1.0"
  resolved "http://r.cnpmjs.org/fast-deep-equal/download/fast-deep-equal-1.1.0.tgz#c053477817c86b51daa853c81e059b733d023614"
  integrity sha1-wFNHeBfIa1HaqFPIHgWbcz0CNhQ=

fast-json-stable-stringify@^2.0.0:
  version "2.0.0"
  resolved "http://r.cnpmjs.org/fast-json-stable-stringify/download/fast-json-stable-stringify-2.0.0.tgz#d5142c0caee6b1189f87d3a76111064f86c8bbf2"
  integrity sha1-1RQsDK7msRifh9OnYREGT4bIu/I=

fast-levenshtein@~2.0.4:
  version "2.0.6"
  resolved "http://r.cnpmjs.org/fast-levenshtein/download/fast-levenshtein-2.0.6.tgz#3d8a5c66883a16a30ca8643e851f19baa7797917"
  integrity sha1-PYpcZog6FqMMqGQ+hR8Zuqd5eRc=

finalhandler@1.1.1:
  version "1.1.1"
  resolved "http://r.cnpmjs.org/finalhandler/download/finalhandler-1.1.1.tgz#eebf4ed840079c83f4249038c9d703008301b105"
  integrity sha1-7r9O2EAHnIP0JJA4ydcDAIMBsQU=
  dependencies:
    debug "2.6.9"
    encodeurl "~1.0.2"
    escape-html "~1.0.3"
    on-finished "~2.3.0"
    parseurl "~1.3.2"
    statuses "~1.4.0"
    unpipe "~1.0.0"

forever-agent@~0.6.1:
  version "0.6.1"
  resolved "http://r.cnpmjs.org/forever-agent/download/forever-agent-0.6.1.tgz#fbc71f0c41adeb37f96c577ad1ed42d8fdacca91"
  integrity sha1-+8cfDEGt6zf5bFd60e1C2P2sypE=

form-data@~2.3.2:
  version "2.3.2"
  resolved "http://r.cnpmjs.org/form-data/download/form-data-2.3.2.tgz#4970498be604c20c005d4f5c23aecd21d6b49099"
  integrity sha1-SXBJi+YEwgwAXU9cI67NIda0kJk=
  dependencies:
    asynckit "^0.4.0"
    combined-stream "1.0.6"
    mime-types "^2.1.12"

forwarded@~0.1.2:
  version "0.1.2"
  resolved "http://r.cnpmjs.org/forwarded/download/forwarded-0.1.2.tgz#98c23dab1175657b8c0573e8ceccd91b0ff18c84"
  integrity sha1-mMI9qxF1ZXuMBXPozszZGw/xjIQ=

fresh@0.5.2:
  version "0.5.2"
  resolved "http://r.cnpmjs.org/fresh/download/fresh-0.5.2.tgz#3d8cadd90d976569fa835ab1f8e4b23a105605a7"
  integrity sha1-PYyt2Q2XZWn6g1qx+OSyOhBWBac=

fs.realpath@^1.0.0:
  version "1.0.0"
  resolved "http://r.cnpmjs.org/fs.realpath/download/fs.realpath-1.0.0.tgz#1504ad2523158caa40db4a2787cb01411994ea4f"
  integrity sha1-FQStJSMVjKpA20onh8sBQRmU6k8=

getpass@^0.1.1:
  version "0.1.7"
  resolved "http://r.cnpmjs.org/getpass/download/getpass-0.1.7.tgz#5eff8e3e684d569ae4cb2b1282604e8ba62149fa"
  integrity sha1-Xv+OPmhNVprkyysSgmBOi6YhSfo=
  dependencies:
    assert-plus "^1.0.0"

glob@7.1.2:
  version "7.1.2"
  resolved "http://r.cnpmjs.org/glob/download/glob-7.1.2.tgz#c19c9df9a028702d678612384a6552404c636d15"
  integrity sha1-wZyd+aAocC1nhhI4SmVSQExjbRU=
  dependencies:
    fs.realpath "^1.0.0"
    inflight "^1.0.4"
    inherits "2"
    minimatch "^3.0.4"
    once "^1.3.0"
    path-is-absolute "^1.0.0"

growl@1.10.5:
  version "1.10.5"
  resolved "http://r.cnpmjs.org/growl/download/growl-1.10.5.tgz#f2735dc2283674fa67478b10181059355c369e5e"
  integrity sha1-8nNdwig2dPpnR4sQGBBZNVw2nl4=

har-schema@^2.0.0:
  version "2.0.0"
  resolved "http://r.cnpmjs.org/har-schema/download/har-schema-2.0.0.tgz#a94c2224ebcac04782a0d9035521f24735b7ec92"
  integrity sha1-qUwiJOvKwEeCoNkDVSHyRzW37JI=

har-validator@~5.1.0:
  version "5.1.0"
  resolved "http://r.cnpmjs.org/har-validator/download/har-validator-5.1.0.tgz#44657f5688a22cfd4b72486e81b3a3fb11742c29"
  integrity sha1-RGV/VoiiLP1LckhugbOj+xF0LCk=
  dependencies:
    ajv "^5.3.0"
    har-schema "^2.0.0"

has-flag@^3.0.0:
  version "3.0.0"
  resolved "http://r.cnpmjs.org/has-flag/download/has-flag-3.0.0.tgz#b5d454dc2199ae225699f3467e5a07f3b955bafd"
  integrity sha1-tdRU3CGZriJWmfNGfloH87lVuv0=

he@1.1.1:
  version "1.1.1"
  resolved "http://r.cnpmjs.org/he/download/he-1.1.1.tgz#93410fd21b009735151f8868c2f271f3427e23fd"
  integrity sha1-k0EP0hsAlzUVH4howvJx80J+I/0=

http-errors@1.6.2:
  version "1.6.2"
  resolved "http://r.cnpmjs.org/http-errors/download/http-errors-1.6.2.tgz#0a002cc85707192a7e7946ceedc11155f60ec736"
  integrity sha1-CgAsyFcHGSp+eUbO7cERVfYOxzY=
  dependencies:
    depd "1.1.1"
    inherits "2.0.3"
    setprototypeof "1.0.3"
    statuses ">= 1.3.1 < 2"

http-errors@~1.6.2:
  version "1.6.3"
  resolved "http://r.cnpmjs.org/http-errors/download/http-errors-1.6.3.tgz#8b55680bb4be283a0b5bf4ea2e38580be1d9320d"
  integrity sha1-i1VoC7S+KDoLW/TqLjhYC+HZMg0=
  dependencies:
    depd "~1.1.2"
    inherits "2.0.3"
    setprototypeof "1.1.0"
    statuses ">= 1.4.0 < 2"

http-signature@~1.2.0:
  version "1.2.0"
  resolved "http://r.cnpmjs.org/http-signature/download/http-signature-1.2.0.tgz#9aecd925114772f3d95b65a60abb8f7c18fbace1"
  integrity sha1-muzZJRFHcvPZW2WmCruPfBj7rOE=
  dependencies:
    assert-plus "^1.0.0"
    jsprim "^1.2.2"
    sshpk "^1.7.0"

iconv-lite@0.4.19:
  version "0.4.19"
  resolved "http://r.cnpmjs.org/iconv-lite/download/iconv-lite-0.4.19.tgz#f7468f60135f5e5dad3399c0a81be9a1603a082b"
  integrity sha1-90aPYBNfXl2tM5nAqBvpoWA6CCs=

indexof@0.0.1:
  version "0.0.1"
  resolved "http://r.cnpmjs.org/indexof/download/indexof-0.0.1.tgz#82dc336d232b9062179d05ab3293a66059fd435d"
  integrity sha1-gtwzbSMrkGIXnQWrMpOmYFn9Q10=

inflight@^1.0.4:
  version "1.0.6"
  resolved "http://r.cnpmjs.org/inflight/download/inflight-1.0.6.tgz#49bd6331d7d02d0c09bc910a1075ba8165b56df9"
  integrity sha1-Sb1jMdfQLQwJvJEKEHW6gWW1bfk=
  dependencies:
    once "^1.3.0"
    wrappy "1"

inherits@2, inherits@2.0.3:
  version "2.0.3"
  resolved "http://r.cnpmjs.org/inherits/download/inherits-2.0.3.tgz#633c2c83e3da42a502f52466022480f4208261de"
  integrity sha1-Yzwsg+PaQqUC9SRmAiSA9CCCYd4=

intelli-espower-loader@^1.0.1:
  version "1.0.1"
  resolved "http://r.cnpmjs.org/intelli-espower-loader/download/intelli-espower-loader-1.0.1.tgz#2c7b03146bc1d46bf210d0a0397c5c91ab4ca2b0"
  integrity sha1-LHsDFGvB1GvyENCgOXxckatMorA=
  dependencies:
    espower-loader "^1.0.0"

ipaddr.js@1.8.0:
  version "1.8.0"
  resolved "http://r.cnpmjs.org/ipaddr.js/download/ipaddr.js-1.8.0.tgz#eaa33d6ddd7ace8f7f6fe0c9ca0440e706738b1e"
  integrity sha1-6qM9bd16zo9/b+DJygRA5wZzix4=

is-typedarray@~1.0.0:
  version "1.0.0"
  resolved "http://r.cnpmjs.org/is-typedarray/download/is-typedarray-1.0.0.tgz#e479c80858df0c1b11ddda6940f96011fcda4a9a"
  integrity sha1-5HnICFjfDBsR3dppQPlgEfzaSpo=

is-url@^1.2.1:
  version "1.2.4"
  resolved "http://r.cnpmjs.org/is-url/download/is-url-1.2.4.tgz#04a4df46d28c4cff3d73d01ff06abeb318a1aa52"
  integrity sha1-BKTfRtKMTP89c9Af8Gq+sxihqlI=

isstream@~0.1.2:
  version "0.1.2"
  resolved "http://r.cnpmjs.org/isstream/download/isstream-0.1.2.tgz#47e63f7af55afa6f92e1500e690eb8b8529c099a"
  integrity sha1-R+Y/evVa+m+S4VAOaQ64uFKcCZo=

jsbn@~0.1.0:
  version "0.1.1"
  resolved "http://r.cnpmjs.org/jsbn/download/jsbn-0.1.1.tgz#a5e654c2e5a2deb5f201d96cefbca80c0ef2f513"
  integrity sha1-peZUwuWi3rXyAdls77yoDA7y9RM=

json-schema-traverse@^0.3.0:
  version "0.3.1"
  resolved "http://r.cnpmjs.org/json-schema-traverse/download/json-schema-traverse-0.3.1.tgz#349a6d44c53a51de89b40805c5d5e59b417d3340"
  integrity sha1-NJptRMU6Ud6JtAgFxdXlm0F9M0A=

json-schema@0.2.3:
  version "0.2.3"
  resolved "http://r.cnpmjs.org/json-schema/download/json-schema-0.2.3.tgz#b480c892e59a2f05954ce727bd3f2a4e882f9e13"
  integrity sha1-tIDIkuWaLwWVTOcnvT8qTogvnhM=

json-stringify-safe@~5.0.1:
  version "5.0.1"
  resolved "http://r.cnpmjs.org/json-stringify-safe/download/json-stringify-safe-5.0.1.tgz#1296a2d58fd45f19a0f6ce01d65701e2c735b6eb"
  integrity sha1-Epai1Y/UXxmg9s4B1lcB4sc1tus=

jsprim@^1.2.2:
  version "1.4.1"
  resolved "http://r.cnpmjs.org/jsprim/download/jsprim-1.4.1.tgz#313e66bc1e5cc06e438bc1b7499c2e5c56acb6a2"
  integrity sha1-MT5mvB5cwG5Di8G3SZwuXFastqI=
  dependencies:
    assert-plus "1.0.0"
    extsprintf "1.3.0"
    json-schema "0.2.3"
    verror "1.10.0"

levn@~0.3.0:
  version "0.3.0"
  resolved "http://r.cnpmjs.org/levn/download/levn-0.3.0.tgz#3b09924edf9f083c0490fdd4c0bc4421e04764ee"
  integrity sha1-OwmSTt+fCDwEkP3UwLxEIeBHZO4=
  dependencies:
    prelude-ls "~1.1.2"
    type-check "~0.3.2"

media-typer@0.3.0:
  version "0.3.0"
  resolved "http://r.cnpmjs.org/media-typer/download/media-typer-0.3.0.tgz#8710d7af0aa626f8fffa1ce00168545263255748"
  integrity sha1-hxDXrwqmJvj/+hzgAWhUUmMlV0g=

merge-descriptors@1.0.1:
  version "1.0.1"
  resolved "http://r.cnpmjs.org/merge-descriptors/download/merge-descriptors-1.0.1.tgz#b00aaa556dd8b44568150ec9d1b953f3f90cbb61"
  integrity sha1-sAqqVW3YtEVoFQ7J0blT8/kMu2E=

merge-estraverse-visitors@^1.0.0:
  version "1.0.0"
  resolved "http://r.cnpmjs.org/merge-estraverse-visitors/download/merge-estraverse-visitors-1.0.0.tgz#eb968338b5ded5ceed82cec0307decba2d8ea994"
  integrity sha1-65aDOLXe1c7tgs7AMH3sui2OqZQ=
  dependencies:
    estraverse "^4.0.0"

methods@~1.1.2:
  version "1.1.2"
  resolved "http://r.cnpmjs.org/methods/download/methods-1.1.2.tgz#5529a4d67654134edcc5266656835b0f851afcee"
  integrity sha1-VSmk1nZUE07cxSZmVoNbD4Ua/O4=

mime-db@~1.36.0:
  version "1.36.0"
  resolved "http://r.cnpmjs.org/mime-db/download/mime-db-1.36.0.tgz#5020478db3c7fe93aad7bbcc4dcf869c43363397"
  integrity sha1-UCBHjbPH/pOq17vMTc+GnEM2M5c=

mime-types@^2.1.12, mime-types@~2.1.18, mime-types@~2.1.19:
  version "2.1.20"
  resolved "http://r.cnpmjs.org/mime-types/download/mime-types-2.1.20.tgz#930cb719d571e903738520f8470911548ca2cc19"
  integrity sha1-kwy3GdVx6QNzhSD4RwkRVIyizBk=
  dependencies:
    mime-db "~1.36.0"

mime@1.4.1:
  version "1.4.1"
  resolved "http://r.cnpmjs.org/mime/download/mime-1.4.1.tgz#121f9ebc49e3766f311a76e1fa1c8003c4b03aa6"
  integrity sha1-Eh+evEnjdm8xGnbh+hyAA8SwOqY=

minimatch@3.0.4, minimatch@^3.0.0, minimatch@^3.0.4:
  version "3.0.4"
  resolved "http://r.cnpmjs.org/minimatch/download/minimatch-3.0.4.tgz#5166e286457f03306064be5497e8dbb0c3d32083"
  integrity sha1-UWbihkV/AzBgZL5Ul+jbsMPTIIM=
  dependencies:
    brace-expansion "^1.1.7"

minimist@0.0.8:
  version "0.0.8"
  resolved "http://r.cnpmjs.org/minimist/download/minimist-0.0.8.tgz#857fcabfc3397d2625b8228262e86aa7a011b05d"
  integrity sha1-hX/Kv8M5fSYluCKCYuhqp6ARsF0=

mkdirp@0.5.1:
  version "0.5.1"
  resolved "http://r.cnpmjs.org/mkdirp/download/mkdirp-0.5.1.tgz#30057438eac6cf7f8c4767f38648d6697d75c903"
  integrity sha1-MAV0OOrGz3+MR2fzhkjWaX11yQM=
  dependencies:
    minimist "0.0.8"

mocha@^5.1.1:
  version "5.2.0"
  resolved "http://r.cnpmjs.org/mocha/download/mocha-5.2.0.tgz#6d8ae508f59167f940f2b5b3c4a612ae50c90ae6"
  integrity sha1-bYrlCPWRZ/lA8rWzxKYSrlDJCuY=
  dependencies:
    browser-stdout "1.3.1"
    commander "2.15.1"
    debug "3.1.0"
    diff "3.5.0"
    escape-string-regexp "1.0.5"
    glob "7.1.2"
    growl "1.10.5"
    he "1.1.1"
    minimatch "3.0.4"
    mkdirp "0.5.1"
    supports-color "5.4.0"

ms@2.0.0:
  version "2.0.0"
  resolved "http://r.cnpmjs.org/ms/download/ms-2.0.0.tgz#5608aeadfc00be6c2901df5f9861788de0d597c8"
  integrity sha1-VgiurfwAvmwpAd9fmGF4jeDVl8g=

multi-stage-sourcemap@^0.2.1:
  version "0.2.1"
  resolved "http://r.cnpmjs.org/multi-stage-sourcemap/download/multi-stage-sourcemap-0.2.1.tgz#b09fc8586eaa17f81d575c4ad02e0f7a3f6b1105"
  integrity sha1-sJ/IWG6qF/gdV1xK0C4Pej9rEQU=
  dependencies:
    source-map "^0.1.34"

negotiator@0.6.1:
  version "0.6.1"
  resolved "http://r.cnpmjs.org/negotiator/download/negotiator-0.6.1.tgz#2b327184e8992101177b28563fb5e7102acd0ca9"
  integrity sha1-KzJxhOiZIQEXeyhWP7XnECrNDKk=

next-tick@1:
  version "1.0.0"
  resolved "http://r.cnpmjs.org/next-tick/download/next-tick-1.0.0.tgz#ca86d1fe8828169b0120208e3dc8424b9db8342c"
  integrity sha1-yobR/ogoFpsBICCOPchCS524NCw=

oauth-sign@~0.9.0:
  version "0.9.0"
  resolved "http://r.cnpmjs.org/oauth-sign/download/oauth-sign-0.9.0.tgz#47a7b016baa68b5fa0ecf3dee08a85c679ac6455"
  integrity sha1-R6ewFrqmi1+g7PPe4IqFxnmsZFU=

object-keys@^1.0.0, object-keys@^1.0.12:
  version "1.0.12"
  resolved "http://r.cnpmjs.org/object-keys/download/object-keys-1.0.12.tgz#09c53855377575310cca62f55bb334abff7b3ed2"
  integrity sha1-CcU4VTd1dTEMymL1W7M0q/97PtI=

on-finished@~2.3.0:
  version "2.3.0"
  resolved "http://r.cnpmjs.org/on-finished/download/on-finished-2.3.0.tgz#20f1336481b083cd75337992a16971aa2d906947"
  integrity sha1-IPEzZIGwg811M3mSoWlxqi2QaUc=
  dependencies:
    ee-first "1.1.1"

once@^1.3.0:
  version "1.4.0"
  resolved "http://r.cnpmjs.org/once/download/once-1.4.0.tgz#583b1aa775961d4b113ac17d9c50baef9dd76bd1"
  integrity sha1-WDsap3WWHUsROsF9nFC6753Xa9E=
  dependencies:
    wrappy "1"

optionator@^0.8.1:
  version "0.8.2"
  resolved "http://r.cnpmjs.org/optionator/download/optionator-0.8.2.tgz#364c5e409d3f4d6301d6c0b4c05bba50180aeb64"
  integrity sha1-NkxeQJ0/TWMB1sC0wFu6UBgK62Q=
  dependencies:
    deep-is "~0.1.3"
    fast-levenshtein "~2.0.4"
    levn "~0.3.0"
    prelude-ls "~1.1.2"
    type-check "~0.3.2"
    wordwrap "~1.0.0"

parseurl@~1.3.2:
  version "1.3.2"
  resolved "http://r.cnpmjs.org/parseurl/download/parseurl-1.3.2.tgz#fc289d4ed8993119460c156253262cdc8de65bf3"
  integrity sha1-/CidTtiZMRlGDBViUyYs3I3mW/M=

path-is-absolute@^1.0.0:
  version "1.0.1"
  resolved "http://r.cnpmjs.org/path-is-absolute/download/path-is-absolute-1.0.1.tgz#174b9268735534ffbc7ace6bf53a5a9e1b5c5f5f"
  integrity sha1-F0uSaHNVNP+8es5r9TpanhtcX18=

path-to-regexp@0.1.7:
  version "0.1.7"
  resolved "http://r.cnpmjs.org/path-to-regexp/download/path-to-regexp-0.1.7.tgz#df604178005f522f15eb4490e7247a1bfaa67f8c"
  integrity sha1-32BBeABfUi8V60SQ5yR6G/qmf4w=

performance-now@^2.1.0:
  version "2.1.0"
  resolved "http://r.cnpmjs.org/performance-now/download/performance-now-2.1.0.tgz#6309f4e0e5fa913ec1c69307ae364b4b377c9e7b"
  integrity sha1-Ywn04OX6kT7BxpMHrjZLSzd8nns=

power-assert-context-formatter@^1.0.7:
  version "1.2.0"
  resolved "http://r.cnpmjs.org/power-assert-context-formatter/download/power-assert-context-formatter-1.2.0.tgz#8fbe72692288ec5a7203cdf215c8b838a6061d2a"
  integrity sha1-j75yaSKI7FpyA83yFci4OKYGHSo=
  dependencies:
    core-js "^2.0.0"
    power-assert-context-traversal "^1.2.0"

power-assert-context-reducer-ast@^1.0.7:
  version "1.2.0"
  resolved "http://r.cnpmjs.org/power-assert-context-reducer-ast/download/power-assert-context-reducer-ast-1.2.0.tgz#c7ca1c9e39a6fb717f7ac5fe9e76e192bf525df3"
  integrity sha1-x8ocnjmm+3F/esX+nnbhkr9SXfM=
  dependencies:
    acorn "^5.0.0"
    acorn-es7-plugin "^1.0.12"
    core-js "^2.0.0"
    espurify "^1.6.0"
    estraverse "^4.2.0"

power-assert-context-traversal@^1.2.0:
  version "1.2.0"
  resolved "http://r.cnpmjs.org/power-assert-context-traversal/download/power-assert-context-traversal-1.2.0.tgz#f6e71454baf640de5c1c9c270349f5c9ab0b2e94"
  integrity sha1-9ucUVLr2QN5cHJwnA0n1yasLLpQ=
  dependencies:
    core-js "^2.0.0"
    estraverse "^4.1.0"

power-assert-formatter@^1.4.1:
  version "1.4.1"
  resolved "http://r.cnpmjs.org/power-assert-formatter/download/power-assert-formatter-1.4.1.tgz#5dc125ed50a3dfb1dda26c19347f3bf58ec2884a"
  integrity sha1-XcEl7VCj37HdomwZNH879Y7CiEo=
  dependencies:
    core-js "^2.0.0"
    power-assert-context-formatter "^1.0.7"
    power-assert-context-reducer-ast "^1.0.7"
    power-assert-renderer-assertion "^1.0.7"
    power-assert-renderer-comparison "^1.0.7"
    power-assert-renderer-diagram "^1.0.7"
    power-assert-renderer-file "^1.0.7"

power-assert-renderer-assertion@^1.0.7:
  version "1.2.0"
  resolved "http://r.cnpmjs.org/power-assert-renderer-assertion/download/power-assert-renderer-assertion-1.2.0.tgz#3db6ffcda106b37bc1e06432ad0d748a682b147a"
  integrity sha1-Pbb/zaEGs3vB4GQyrQ10imgrFHo=
  dependencies:
    power-assert-renderer-base "^1.1.1"
    power-assert-util-string-width "^1.2.0"

power-assert-renderer-base@^1.1.1:
  version "1.1.1"
  resolved "http://r.cnpmjs.org/power-assert-renderer-base/download/power-assert-renderer-base-1.1.1.tgz#96a650c6fd05ee1bc1f66b54ad61442c8b3f63eb"
  integrity sha1-lqZQxv0F7hvB9mtUrWFELIs/Y+s=

power-assert-renderer-comparison@^1.0.7:
  version "1.2.0"
  resolved "http://r.cnpmjs.org/power-assert-renderer-comparison/download/power-assert-renderer-comparison-1.2.0.tgz#e4f88113225a69be8aa586ead05aef99462c0495"
  integrity sha1-5PiBEyJaab6KpYbq0FrvmUYsBJU=
  dependencies:
    core-js "^2.0.0"
    diff-match-patch "^1.0.0"
    power-assert-renderer-base "^1.1.1"
    stringifier "^1.3.0"
    type-name "^2.0.1"

power-assert-renderer-diagram@^1.0.7:
  version "1.2.0"
  resolved "http://r.cnpmjs.org/power-assert-renderer-diagram/download/power-assert-renderer-diagram-1.2.0.tgz#37f66e8542e5677c5b58e6d72b01c0d9a30e2219"
  integrity sha1-N/ZuhULlZ3xbWObXKwHA2aMOIhk=
  dependencies:
    core-js "^2.0.0"
    power-assert-renderer-base "^1.1.1"
    power-assert-util-string-width "^1.2.0"
    stringifier "^1.3.0"

power-assert-renderer-file@^1.0.7:
  version "1.2.0"
  resolved "http://r.cnpmjs.org/power-assert-renderer-file/download/power-assert-renderer-file-1.2.0.tgz#3f4bebd9e1455d75cf2ac541e7bb515a87d4ce4b"
  integrity sha1-P0vr2eFFXXXPKsVB57tRWofUzks=
  dependencies:
    power-assert-renderer-base "^1.1.1"

power-assert-util-string-width@^1.2.0:
  version "1.2.0"
  resolved "http://r.cnpmjs.org/power-assert-util-string-width/download/power-assert-util-string-width-1.2.0.tgz#6e06d5e3581bb876c5d377c53109fffa95bd91a0"
  integrity sha1-bgbV41gbuHbF03fFMQn/+pW9kaA=
  dependencies:
    eastasianwidth "^0.2.0"

power-assert@^1.5.0:
  version "1.6.0"
  resolved "http://r.cnpmjs.org/power-assert/download/power-assert-1.6.0.tgz#3a9d2b943cf0d6fc6a623766869c4460838c05fb"
  integrity sha1-Op0rlDzw1vxqYjdmhpxEYIOMBfs=
  dependencies:
    define-properties "^1.1.2"
    empower "^1.3.0"
    power-assert-formatter "^1.4.1"
    universal-deep-strict-equal "^1.2.1"
    xtend "^4.0.0"

prelude-ls@~1.1.2:
  version "1.1.2"
  resolved "http://r.cnpmjs.org/prelude-ls/download/prelude-ls-1.1.2.tgz#21932a549f5e52ffd9a827f570e04be62a97da54"
  integrity sha1-IZMqVJ9eUv/ZqCf1cOBL5iqX2lQ=

proxy-addr@~2.0.3:
  version "2.0.4"
  resolved "http://r.cnpmjs.org/proxy-addr/download/proxy-addr-2.0.4.tgz#ecfc733bf22ff8c6f407fa275327b9ab67e48b93"
  integrity sha1-7PxzO/Iv+Mb0B/onUye5q2fki5M=
  dependencies:
    forwarded "~0.1.2"
    ipaddr.js "1.8.0"

psl@^1.1.24:
  version "1.1.29"
  resolved "http://r.cnpmjs.org/psl/download/psl-1.1.29.tgz#60f580d360170bb722a797cc704411e6da850c67"
  integrity sha1-YPWA02AXC7cip5fMcEQR5tqFDGc=

punycode@^1.4.1:
  version "1.4.1"
  resolved "http://r.cnpmjs.org/punycode/download/punycode-1.4.1.tgz#c0d5a63b2718800ad8e1eb0fa5269c84dd41845e"
  integrity sha1-wNWmOycYgArY4esPpSachN1BhF4=

qs@6.5.1:
  version "6.5.1"
  resolved "http://r.cnpmjs.org/qs/download/qs-6.5.1.tgz#349cdf6eef89ec45c12d7d5eb3fc0c870343a6d8"
  integrity sha1-NJzfbu+J7EXBLX1es/wMhwNDptg=

qs@~6.5.2:
  version "6.5.2"
  resolved "http://r.cnpmjs.org/qs/download/qs-6.5.2.tgz#cb3ae806e8740444584ef154ce8ee98d403f3e36"
  integrity sha1-yzroBuh0BERYTvFUzo7pjUA/PjY=

range-parser@~1.2.0:
  version "1.2.0"
  resolved "http://r.cnpmjs.org/range-parser/download/range-parser-1.2.0.tgz#f49be6b487894ddc40dcc94a322f611092e00d5e"
  integrity sha1-9JvmtIeJTdxA3MlKMi9hEJLgDV4=

raw-body@2.3.2:
  version "2.3.2"
  resolved "http://r.cnpmjs.org/raw-body/download/raw-body-2.3.2.tgz#bcd60c77d3eb93cde0050295c3f379389bc88f89"
  integrity sha1-vNYMd9Prk83gBQKVw/N5OJvIj4k=
  dependencies:
    bytes "3.0.0"
    http-errors "1.6.2"
    iconv-lite "0.4.19"
    unpipe "1.0.0"

request@^2.85.0:
  version "2.88.0"
  resolved "http://r.cnpmjs.org/request/download/request-2.88.0.tgz#9c2fca4f7d35b592efe57c7f0a55e81052124fef"
  integrity sha1-nC/KT301tZLv5Xx/ClXoEFIST+8=
  dependencies:
    aws-sign2 "~0.7.0"
    aws4 "^1.8.0"
    caseless "~0.12.0"
    combined-stream "~1.0.6"
    extend "~3.0.2"
    forever-agent "~0.6.1"
    form-data "~2.3.2"
    har-validator "~5.1.0"
    http-signature "~1.2.0"
    is-typedarray "~1.0.0"
    isstream "~0.1.2"
    json-stringify-safe "~5.0.1"
    mime-types "~2.1.19"
    oauth-sign "~0.9.0"
    performance-now "^2.1.0"
    qs "~6.5.2"
    safe-buffer "^5.1.2"
    tough-cookie "~2.4.3"
    tunnel-agent "^0.6.0"
    uuid "^3.3.2"

safe-buffer@5.1.1:
  version "5.1.1"
  resolved "http://r.cnpmjs.org/safe-buffer/download/safe-buffer-5.1.1.tgz#893312af69b2123def71f57889001671eeb2c853"
  integrity sha1-iTMSr2myEj3vcfV4iQAWce6yyFM=

safe-buffer@^5.0.1, safe-buffer@^5.1.2, safe-buffer@~5.1.1:
  version "5.1.2"
  resolved "http://r.cnpmjs.org/safe-buffer/download/safe-buffer-5.1.2.tgz#991ec69d296e0313747d59bdfd2b745c35f8828d"
  integrity sha1-mR7GnSluAxN0fVm9/St0XDX4go0=

safer-buffer@^2.0.2, safer-buffer@^2.1.0, safer-buffer@~2.1.0:
  version "2.1.2"
  resolved "http://r.cnpmjs.org/safer-buffer/download/safer-buffer-2.1.2.tgz#44fa161b0187b9549dd84bb91802f9bd8385cd6a"
  integrity sha1-RPoWGwGHuVSd2Eu5GAL5vYOFzWo=

send@0.16.2:
  version "0.16.2"
  resolved "http://r.cnpmjs.org/send/download/send-0.16.2.tgz#6ecca1e0f8c156d141597559848df64730a6bbc1"
  integrity sha1-bsyh4PjBVtFBWXVZhI32RzCmu8E=
  dependencies:
    debug "2.6.9"
    depd "~1.1.2"
    destroy "~1.0.4"
    encodeurl "~1.0.2"
    escape-html "~1.0.3"
    etag "~1.8.1"
    fresh "0.5.2"
    http-errors "~1.6.2"
    mime "1.4.1"
    ms "2.0.0"
    on-finished "~2.3.0"
    range-parser "~1.2.0"
    statuses "~1.4.0"

serve-static@1.13.2:
  version "1.13.2"
  resolved "http://r.cnpmjs.org/serve-static/download/serve-static-1.13.2.tgz#095e8472fd5b46237db50ce486a43f4b86c6cec1"
  integrity sha1-CV6Ecv1bRiN9tQzkhqQ/S4bGzsE=
  dependencies:
    encodeurl "~1.0.2"
    escape-html "~1.0.3"
    parseurl "~1.3.2"
    send "0.16.2"

setprototypeof@1.0.3:
  version "1.0.3"
  resolved "http://r.cnpmjs.org/setprototypeof/download/setprototypeof-1.0.3.tgz#66567e37043eeb4f04d91bd658c0cbefb55b8e04"
  integrity sha1-ZlZ+NwQ+608E2RvWWMDL77VbjgQ=

setprototypeof@1.1.0:
  version "1.1.0"
  resolved "http://r.cnpmjs.org/setprototypeof/download/setprototypeof-1.1.0.tgz#d0bd85536887b6fe7c0d818cb962d9d91c54e656"
  integrity sha1-0L2FU2iHtv58DYGMuWLZ2RxU5lY=

source-map-support@^0.4.0:
  version "0.4.18"
  resolved "http://r.cnpmjs.org/source-map-support/download/source-map-support-0.4.18.tgz#0286a6de8be42641338594e97ccea75f0a2c585f"
  integrity sha1-Aoam3ovkJkEzhZTpfM6nXwosWF8=
  dependencies:
    source-map "^0.5.6"

source-map@^0.1.34:
  version "0.1.43"
  resolved "http://r.cnpmjs.org/source-map/download/source-map-0.1.43.tgz#c24bc146ca517c1471f5dacbe2571b2b7f9e3346"
  integrity sha1-wkvBRspRfBRx9drL4lcbK3+eM0Y=
  dependencies:
    amdefine ">=0.0.4"

source-map@^0.5.0, source-map@^0.5.6:
  version "0.5.7"
  resolved "http://r.cnpmjs.org/source-map/download/source-map-0.5.7.tgz#8a039d2d1021d22d1ea14c80d8ea468ba2ef3fcc"
  integrity sha1-igOdLRAh0i0eoUyA2OpGi6LvP8w=

source-map@~0.6.1:
  version "0.6.1"
  resolved "http://r.cnpmjs.org/source-map/download/source-map-0.6.1.tgz#74722af32e9614e9c287a8d0bbde48b5e2f1a263"
  integrity sha1-dHIq8y6WFOnCh6jQu95IteLxomM=

sshpk@^1.7.0:
  version "1.14.2"
  resolved "http://r.cnpmjs.org/sshpk/download/sshpk-1.14.2.tgz#c6fc61648a3d9c4e764fd3fcdf4ea105e492ba98"
  integrity sha1-xvxhZIo9nE52T9P8306hBeSSupg=
  dependencies:
    asn1 "~0.2.3"
    assert-plus "^1.0.0"
    dashdash "^1.12.0"
    getpass "^0.1.1"
    safer-buffer "^2.0.2"
  optionalDependencies:
    bcrypt-pbkdf "^1.0.0"
    ecc-jsbn "~0.1.1"
    jsbn "~0.1.0"
    tweetnacl "~0.14.0"

"statuses@>= 1.3.1 < 2", "statuses@>= 1.4.0 < 2":
  version "1.5.0"
  resolved "http://r.cnpmjs.org/statuses/download/statuses-1.5.0.tgz#161c7dac177659fd9811f43771fa99381478628c"
  integrity sha1-Fhx9rBd2Wf2YEfQ3cfqZOBR4Yow=

statuses@~1.4.0:
  version "1.4.0"
  resolved "http://r.cnpmjs.org/statuses/download/statuses-1.4.0.tgz#bb73d446da2796106efcc1b601a253d6c46bd087"
  integrity sha1-u3PURtonlhBu/MG2AaJT1sRr0Ic=

stringifier@^1.3.0:
  version "1.4.0"
  resolved "http://r.cnpmjs.org/stringifier/download/stringifier-1.4.0.tgz#d704581567f4526265d00ed8ecb354a02c3fec28"
  integrity sha1-1wRYFWf0UmJl0A7Y7LNUoCw/7Cg=
  dependencies:
    core-js "^2.0.0"
    traverse "^0.6.6"
    type-name "^2.0.1"

supports-color@5.4.0:
  version "5.4.0"
  resolved "http://r.cnpmjs.org/supports-color/download/supports-color-5.4.0.tgz#1c6b337402c2137605efe19f10fec390f6faab54"
  integrity sha1-HGszdALCE3YF7+GfEP7DkPb6q1Q=
  dependencies:
    has-flag "^3.0.0"

tough-cookie@~2.4.3:
  version "2.4.3"
  resolved "http://r.cnpmjs.org/tough-cookie/download/tough-cookie-2.4.3.tgz#53f36da3f47783b0925afa06ff9f3b165280f781"
  integrity sha1-U/Nto/R3g7CSWvoG/587FlKA94E=
  dependencies:
    psl "^1.1.24"
    punycode "^1.4.1"

traverse@^0.6.6:
  version "0.6.6"
  resolved "http://r.cnpmjs.org/traverse/download/traverse-0.6.6.tgz#cbdf560fd7b9af632502fed40f918c157ea97137"
  integrity sha1-y99WD9e5r2MlAv7UD5GMFX6pcTc=

tunnel-agent@^0.6.0:
  version "0.6.0"
  resolved "http://r.cnpmjs.org/tunnel-agent/download/tunnel-agent-0.6.0.tgz#27a5dea06b36b04a0a9966774b290868f0fc40fd"
  integrity sha1-J6XeoGs2sEoKmWZ3SykIaPD8QP0=
  dependencies:
    safe-buffer "^5.0.1"

tweetnacl@^0.14.3, tweetnacl@~0.14.0:
  version "0.14.5"
  resolved "http://r.cnpmjs.org/tweetnacl/download/tweetnacl-0.14.5.tgz#5ae68177f192d4456269d108afa93ff8743f4f64"
  integrity sha1-WuaBd/GS1EViadEIr6k/+HQ/T2Q=

type-check@~0.3.2:
  version "0.3.2"
  resolved "http://r.cnpmjs.org/type-check/download/type-check-0.3.2.tgz#5884cab512cf1d355e3fb784f30804b2b520db72"
  integrity sha1-WITKtRLPHTVeP7eE8wgEsrUg23I=
  dependencies:
    prelude-ls "~1.1.2"

type-is@~1.6.15, type-is@~1.6.16:
  version "1.6.16"
  resolved "http://r.cnpmjs.org/type-is/download/type-is-1.6.16.tgz#f89ce341541c672b25ee7ae3c73dee3b2be50194"
  integrity sha1-+JzjQVQcZysl7nrjxz3uOyvlAZQ=
  dependencies:
    media-typer "0.3.0"
    mime-types "~2.1.18"

type-name@^2.0.0, type-name@^2.0.1:
  version "2.0.2"
  resolved "http://r.cnpmjs.org/type-name/download/type-name-2.0.2.tgz#efe7d4123d8ac52afff7f40c7e4dec5266008fb4"
  integrity sha1-7+fUEj2KxSr/9/QMfk3sUmYAj7Q=

universal-deep-strict-equal@^1.2.1:
  version "1.2.2"
  resolved "http://r.cnpmjs.org/universal-deep-strict-equal/download/universal-deep-strict-equal-1.2.2.tgz#0da4ac2f73cff7924c81fa4de018ca562ca2b0a7"
  integrity sha1-DaSsL3PP95JMgfpN4BjKViyisKc=
  dependencies:
    array-filter "^1.0.0"
    indexof "0.0.1"
    object-keys "^1.0.0"

unpipe@1.0.0, unpipe@~1.0.0:
  version "1.0.0"
  resolved "http://r.cnpmjs.org/unpipe/download/unpipe-1.0.0.tgz#b2bf4ee8514aae6165b4817829d21b2ef49904ec"
  integrity sha1-sr9O6FFKrmFltIF4KdIbLvSZBOw=

utils-merge@1.0.1:
  version "1.0.1"
  resolved "http://r.cnpmjs.org/utils-merge/download/utils-merge-1.0.1.tgz#9f95710f50a267947b2ccc124741c1028427e713"
  integrity sha1-n5VxD1CiZ5R7LMwSR0HBAoQn5xM=

uuid@^3.3.2:
  version "3.3.2"
  resolved "http://r.cnpmjs.org/uuid/download/uuid-3.3.2.tgz#1b4af4955eb3077c501c23872fc6513811587131"
  integrity sha1-G0r0lV6zB3xQHCOHL8ZROBFYcTE=

vary@~1.1.2:
  version "1.1.2"
  resolved "http://r.cnpmjs.org/vary/download/vary-1.1.2.tgz#2299f02c6ded30d4a5961b0b9f74524a18f634fc"
  integrity sha1-IpnwLG3tMNSllhsLn3RSShj2NPw=

verror@1.10.0:
  version "1.10.0"
  resolved "http://r.cnpmjs.org/verror/download/verror-1.10.0.tgz#3a105ca17053af55d6e270c1f8288682e18da400"
  integrity sha1-OhBcoXBTr1XW4nDB+CiGguGNpAA=
  dependencies:
    assert-plus "^1.0.0"
    core-util-is "1.0.2"
    extsprintf "^1.2.0"

wordwrap@~1.0.0:
  version "1.0.0"
  resolved "http://r.cnpmjs.org/wordwrap/download/wordwrap-1.0.0.tgz#27584810891456a4171c8d0226441ade90cbcaeb"
  integrity sha1-J1hIEIkUVqQXHI0CJkQa3pDLyus=

wrappy@1:
  version "1.0.2"
  resolved "http://r.cnpmjs.org/wrappy/download/wrappy-1.0.2.tgz#b5243d8f3ec1aa35f1364605bc0d1036e30ab69f"
  integrity sha1-tSQ9jz7BqjXxNkYFvA0QNuMKtp8=

xtend@^4.0.0:
  version "4.0.1"
  resolved "http://r.cnpmjs.org/xtend/download/xtend-4.0.1.tgz#a5c6d532be656e23db820efb943a1f04998d63af"
  integrity sha1-pcbVMr5lbiPbgg77lDofBJmNY68=
